
Microsoft Visual Studio Solution File, Format Version 12.00
# Visual Studio 14
VisualStudioVersion = 14.0.25420.1
MinimumVisualStudioVersion = 10.0.40219.1
Project("{FAE04EC0-301F-11D3-BF4B-00C04F79EFBC}") = "PW.Ncels", "PW.Ncels\PW.Ncels.csproj", "{5777C569-C2E0-499B-97A0-03D767679001}"
EndProject
Project("{FAE04EC0-301F-11D3-BF4B-00C04F79EFBC}") = "PW.Ncels.Database", "PW.Ncels.Database\PW.Ncels.Database.csproj", "{BC73B125-8E6F-4F2E-95C8-73B9C0299D26}"
EndProject
Project("{FAE04EC0-301F-11D3-BF4B-00C04F79EFBC}") = "PW.Prism", "PW.Prism\PW.Prism.csproj", "{D6973E4D-BB69-47E9-BB78-5FA06756976E}"
EndProject
Project("{FAE04EC0-301F-11D3-BF4B-00C04F79EFBC}") = "Ncels.Helpers", "Ncels.Helpers\Ncels.Helpers.csproj", "{90E78766-9CF1-430A-8C9B-AF9E948E94F7}"
EndProject
Project("{FAE04EC0-301F-11D3-BF4B-00C04F79EFBC}") = "Ncels.Core", "Ncels.Core\Ncels.Core.csproj", "{D0597670-D3B9-41BE-807E-5FA8554333DF}"
EndProject
Project("{FAE04EC0-301F-11D3-BF4B-00C04F79EFBC}") = "Ncels.Scheduler", "Ncels.Scheduler\Ncels.Scheduler.csproj", "{6017E6A3-31D6-45E1-9012-0BC09A6B54EB}"
EndProject
Global
	GlobalSection(SolutionConfigurationPlatforms) = preSolution
		Debug.Alexandr|Any CPU = Debug.Alexandr|Any CPU
		Debug.Bob217|Any CPU = Debug.Bob217|Any CPU
		Debug.Didar|Any CPU = Debug.Didar|Any CPU
		Debug.Evgeniy|Any CPU = Debug.Evgeniy|Any CPU
		Debug.Instant977|Any CPU = Debug.Instant977|Any CPU
		Debug.Kassymov|Any CPU = Debug.Kassymov|Any CPU
		Debug.Yelaman|Any CPU = Debug.Yelaman|Any CPU
		Debug|Any CPU = Debug|Any CPU
		Release|Any CPU = Release|Any CPU
		Test|Any CPU = Test|Any CPU
		War|Any CPU = War|Any CPU
	EndGlobalSection
	GlobalSection(ProjectConfigurationPlatforms) = postSolution
		{5777C569-C2E0-499B-97A0-03D767679001}.Debug.Alexandr|Any CPU.ActiveCfg = Debug.Alexandr|Any CPU
		{5777C569-C2E0-499B-97A0-03D767679001}.Debug.Alexandr|Any CPU.Build.0 = Debug.Alexandr|Any CPU
		{5777C569-C2E0-499B-97A0-03D767679001}.Debug.Bob217|Any CPU.ActiveCfg = Debug.Bob217|Any CPU
		{5777C569-C2E0-499B-97A0-03D767679001}.Debug.Bob217|Any CPU.Build.0 = Debug.Bob217|Any CPU
		{5777C569-C2E0-499B-97A0-03D767679001}.Debug.Didar|Any CPU.ActiveCfg = Debug.Didar|Any CPU
		{5777C569-C2E0-499B-97A0-03D767679001}.Debug.Didar|Any CPU.Build.0 = Debug.Didar|Any CPU
		{5777C569-C2E0-499B-97A0-03D767679001}.Debug.Evgeniy|Any CPU.ActiveCfg = Debug.Evgeniy|Any CPU
		{5777C569-C2E0-499B-97A0-03D767679001}.Debug.Evgeniy|Any CPU.Build.0 = Debug.Evgeniy|Any CPU
		{5777C569-C2E0-499B-97A0-03D767679001}.Debug.Instant977|Any CPU.ActiveCfg = Debug.Instant977|Any CPU
		{5777C569-C2E0-499B-97A0-03D767679001}.Debug.Instant977|Any CPU.Build.0 = Debug.Instant977|Any CPU
		{5777C569-C2E0-499B-97A0-03D767679001}.Debug.Kassymov|Any CPU.ActiveCfg = Debug.Kassymov|Any CPU
		{5777C569-C2E0-499B-97A0-03D767679001}.Debug.Kassymov|Any CPU.Build.0 = Debug.Kassymov|Any CPU
		{5777C569-C2E0-499B-97A0-03D767679001}.Debug.Yelaman|Any CPU.ActiveCfg = Debug.Yelaman|Any CPU
		{5777C569-C2E0-499B-97A0-03D767679001}.Debug.Yelaman|Any CPU.Build.0 = Debug.Yelaman|Any CPU
		{5777C569-C2E0-499B-97A0-03D767679001}.Debug|Any CPU.ActiveCfg = Debug|Any CPU
		{5777C569-C2E0-499B-97A0-03D767679001}.Debug|Any CPU.Build.0 = Debug|Any CPU
		{5777C569-C2E0-499B-97A0-03D767679001}.Release|Any CPU.ActiveCfg = Release|Any CPU
		{5777C569-C2E0-499B-97A0-03D767679001}.Release|Any CPU.Build.0 = Release|Any CPU
		{5777C569-C2E0-499B-97A0-03D767679001}.Test|Any CPU.ActiveCfg = Test|Any CPU
		{5777C569-C2E0-499B-97A0-03D767679001}.Test|Any CPU.Build.0 = Test|Any CPU
		{5777C569-C2E0-499B-97A0-03D767679001}.War|Any CPU.ActiveCfg = War|Any CPU
		{5777C569-C2E0-499B-97A0-03D767679001}.War|Any CPU.Build.0 = War|Any CPU
		{BC73B125-8E6F-4F2E-95C8-73B9C0299D26}.Debug.Alexandr|Any CPU.ActiveCfg = Debug.Alexandr|Any CPU
		{BC73B125-8E6F-4F2E-95C8-73B9C0299D26}.Debug.Alexandr|Any CPU.Build.0 = Debug.Alexandr|Any CPU
		{BC73B125-8E6F-4F2E-95C8-73B9C0299D26}.Debug.Bob217|Any CPU.ActiveCfg = Debug.Bob217|Any CPU
		{BC73B125-8E6F-4F2E-95C8-73B9C0299D26}.Debug.Bob217|Any CPU.Build.0 = Debug.Bob217|Any CPU
		{BC73B125-8E6F-4F2E-95C8-73B9C0299D26}.Debug.Didar|Any CPU.ActiveCfg = Debug.Didar|Any CPU
		{BC73B125-8E6F-4F2E-95C8-73B9C0299D26}.Debug.Didar|Any CPU.Build.0 = Debug.Didar|Any CPU
		{BC73B125-8E6F-4F2E-95C8-73B9C0299D26}.Debug.Evgeniy|Any CPU.ActiveCfg = Debug.Evgeniy|Any CPU
		{BC73B125-8E6F-4F2E-95C8-73B9C0299D26}.Debug.Evgeniy|Any CPU.Build.0 = Debug.Evgeniy|Any CPU
		{BC73B125-8E6F-4F2E-95C8-73B9C0299D26}.Debug.Instant977|Any CPU.ActiveCfg = Debug.Yelaman|Any CPU
		{BC73B125-8E6F-4F2E-95C8-73B9C0299D26}.Debug.Instant977|Any CPU.Build.0 = Debug.Yelaman|Any CPU
		{BC73B125-8E6F-4F2E-95C8-73B9C0299D26}.Debug.Kassymov|Any CPU.ActiveCfg = Debug.Kassymov|Any CPU
		{BC73B125-8E6F-4F2E-95C8-73B9C0299D26}.Debug.Kassymov|Any CPU.Build.0 = Debug.Kassymov|Any CPU
		{BC73B125-8E6F-4F2E-95C8-73B9C0299D26}.Debug.Yelaman|Any CPU.ActiveCfg = Debug.Yelaman|Any CPU
		{BC73B125-8E6F-4F2E-95C8-73B9C0299D26}.Debug.Yelaman|Any CPU.Build.0 = Debug.Yelaman|Any CPU
		{BC73B125-8E6F-4F2E-95C8-73B9C0299D26}.Debug|Any CPU.ActiveCfg = Debug|Any CPU
		{BC73B125-8E6F-4F2E-95C8-73B9C0299D26}.Debug|Any CPU.Build.0 = Debug|Any CPU
		{BC73B125-8E6F-4F2E-95C8-73B9C0299D26}.Release|Any CPU.ActiveCfg = Release|Any CPU
		{BC73B125-8E6F-4F2E-95C8-73B9C0299D26}.Release|Any CPU.Build.0 = Release|Any CPU
		{BC73B125-8E6F-4F2E-95C8-73B9C0299D26}.Test|Any CPU.ActiveCfg = Test|Any CPU
		{BC73B125-8E6F-4F2E-95C8-73B9C0299D26}.Test|Any CPU.Build.0 = Test|Any CPU
		{BC73B125-8E6F-4F2E-95C8-73B9C0299D26}.War|Any CPU.ActiveCfg = War|Any CPU
		{BC73B125-8E6F-4F2E-95C8-73B9C0299D26}.War|Any CPU.Build.0 = War|Any CPU
		{D6973E4D-BB69-47E9-BB78-5FA06756976E}.Debug.Alexandr|Any CPU.ActiveCfg = Debug.Alexandr|Any CPU
		{D6973E4D-BB69-47E9-BB78-5FA06756976E}.Debug.Alexandr|Any CPU.Build.0 = Debug.Alexandr|Any CPU
		{D6973E4D-BB69-47E9-BB78-5FA06756976E}.Debug.Bob217|Any CPU.ActiveCfg = Debug.Bob217|Any CPU
		{D6973E4D-BB69-47E9-BB78-5FA06756976E}.Debug.Bob217|Any CPU.Build.0 = Debug.Bob217|Any CPU
		{D6973E4D-BB69-47E9-BB78-5FA06756976E}.Debug.Didar|Any CPU.ActiveCfg = Debug.Didar|Any CPU
		{D6973E4D-BB69-47E9-BB78-5FA06756976E}.Debug.Didar|Any CPU.Build.0 = Debug.Didar|Any CPU
		{D6973E4D-BB69-47E9-BB78-5FA06756976E}.Debug.Evgeniy|Any CPU.ActiveCfg = Debug.Evgeniy|Any CPU
		{D6973E4D-BB69-47E9-BB78-5FA06756976E}.Debug.Evgeniy|Any CPU.Build.0 = Debug.Evgeniy|Any CPU
		{D6973E4D-BB69-47E9-BB78-5FA06756976E}.Debug.Instant977|Any CPU.ActiveCfg = Debug.Instant977|Any CPU
		{D6973E4D-BB69-47E9-BB78-5FA06756976E}.Debug.Instant977|Any CPU.Build.0 = Debug.Instant977|Any CPU
		{D6973E4D-BB69-47E9-BB78-5FA06756976E}.Debug.Kassymov|Any CPU.ActiveCfg = Debug.Kassymov|Any CPU
		{D6973E4D-BB69-47E9-BB78-5FA06756976E}.Debug.Kassymov|Any CPU.Build.0 = Debug.Kassymov|Any CPU
		{D6973E4D-BB69-47E9-BB78-5FA06756976E}.Debug.Yelaman|Any CPU.ActiveCfg = Debug.Yelaman|Any CPU
		{D6973E4D-BB69-47E9-BB78-5FA06756976E}.Debug.Yelaman|Any CPU.Build.0 = Debug.Yelaman|Any CPU
		{D6973E4D-BB69-47E9-BB78-5FA06756976E}.Debug|Any CPU.ActiveCfg = Debug|Any CPU
		{D6973E4D-BB69-47E9-BB78-5FA06756976E}.Debug|Any CPU.Build.0 = Debug|Any CPU
		{D6973E4D-BB69-47E9-BB78-5FA06756976E}.Release|Any CPU.ActiveCfg = Release|Any CPU
		{D6973E4D-BB69-47E9-BB78-5FA06756976E}.Release|Any CPU.Build.0 = Release|Any CPU
		{D6973E4D-BB69-47E9-BB78-5FA06756976E}.Test|Any CPU.ActiveCfg = Test|Any CPU
		{D6973E4D-BB69-47E9-BB78-5FA06756976E}.Test|Any CPU.Build.0 = Test|Any CPU
		{D6973E4D-BB69-47E9-BB78-5FA06756976E}.War|Any CPU.ActiveCfg = War|Any CPU
		{D6973E4D-BB69-47E9-BB78-5FA06756976E}.War|Any CPU.Build.0 = War|Any CPU
		{90E78766-9CF1-430A-8C9B-AF9E948E94F7}.Debug.Alexandr|Any CPU.ActiveCfg = Debug|Any CPU
		{90E78766-9CF1-430A-8C9B-AF9E948E94F7}.Debug.Alexandr|Any CPU.Build.0 = Debug|Any CPU
		{90E78766-9CF1-430A-8C9B-AF9E948E94F7}.Debug.Bob217|Any CPU.ActiveCfg = Debug|Any CPU
		{90E78766-9CF1-430A-8C9B-AF9E948E94F7}.Debug.Bob217|Any CPU.Build.0 = Debug|Any CPU
		{90E78766-9CF1-430A-8C9B-AF9E948E94F7}.Debug.Didar|Any CPU.ActiveCfg = Debug|Any CPU
		{90E78766-9CF1-430A-8C9B-AF9E948E94F7}.Debug.Didar|Any CPU.Build.0 = Debug|Any CPU
		{90E78766-9CF1-430A-8C9B-AF9E948E94F7}.Debug.Evgeniy|Any CPU.ActiveCfg = Debug|Any CPU
		{90E78766-9CF1-430A-8C9B-AF9E948E94F7}.Debug.Evgeniy|Any CPU.Build.0 = Debug|Any CPU
		{90E78766-9CF1-430A-8C9B-AF9E948E94F7}.Debug.Instant977|Any CPU.ActiveCfg = Debug.Instant977|Any CPU
		{90E78766-9CF1-430A-8C9B-AF9E948E94F7}.Debug.Instant977|Any CPU.Build.0 = Debug.Instant977|Any CPU
		{90E78766-9CF1-430A-8C9B-AF9E948E94F7}.Debug.Kassymov|Any CPU.ActiveCfg = Debug.Kassymov|Any CPU
		{90E78766-9CF1-430A-8C9B-AF9E948E94F7}.Debug.Kassymov|Any CPU.Build.0 = Debug.Kassymov|Any CPU
		{90E78766-9CF1-430A-8C9B-AF9E948E94F7}.Debug.Yelaman|Any CPU.ActiveCfg = Debug|Any CPU
		{90E78766-9CF1-430A-8C9B-AF9E948E94F7}.Debug.Yelaman|Any CPU.Build.0 = Debug|Any CPU
		{90E78766-9CF1-430A-8C9B-AF9E948E94F7}.Debug|Any CPU.ActiveCfg = Debug|Any CPU
		{90E78766-9CF1-430A-8C9B-AF9E948E94F7}.Debug|Any CPU.Build.0 = Debug|Any CPU
		{90E78766-9CF1-430A-8C9B-AF9E948E94F7}.Release|Any CPU.ActiveCfg = Release|Any CPU
		{90E78766-9CF1-430A-8C9B-AF9E948E94F7}.Release|Any CPU.Build.0 = Release|Any CPU
		{90E78766-9CF1-430A-8C9B-AF9E948E94F7}.Test|Any CPU.ActiveCfg = Release|Any CPU
		{90E78766-9CF1-430A-8C9B-AF9E948E94F7}.Test|Any CPU.Build.0 = Release|Any CPU
		{90E78766-9CF1-430A-8C9B-AF9E948E94F7}.War|Any CPU.ActiveCfg = Release|Any CPU
		{90E78766-9CF1-430A-8C9B-AF9E948E94F7}.War|Any CPU.Build.0 = Release|Any CPU
		{D0597670-D3B9-41BE-807E-5FA8554333DF}.Debug.Alexandr|Any CPU.ActiveCfg = Debug|Any CPU
		{D0597670-D3B9-41BE-807E-5FA8554333DF}.Debug.Alexandr|Any CPU.Build.0 = Debug|Any CPU
		{D0597670-D3B9-41BE-807E-5FA8554333DF}.Debug.Alexandr|Any CPU.Deploy.0 = Debug|Any CPU
		{D0597670-D3B9-41BE-807E-5FA8554333DF}.Debug.Bob217|Any CPU.ActiveCfg = Debug|Any CPU
		{D0597670-D3B9-41BE-807E-5FA8554333DF}.Debug.Bob217|Any CPU.Build.0 = Debug|Any CPU
		{D0597670-D3B9-41BE-807E-5FA8554333DF}.Debug.Didar|Any CPU.ActiveCfg = Debug|Any CPU
		{D0597670-D3B9-41BE-807E-5FA8554333DF}.Debug.Didar|Any CPU.Build.0 = Debug|Any CPU
		{D0597670-D3B9-41BE-807E-5FA8554333DF}.Debug.Evgeniy|Any CPU.ActiveCfg = Debug|Any CPU
		{D0597670-D3B9-41BE-807E-5FA8554333DF}.Debug.Evgeniy|Any CPU.Build.0 = Debug|Any CPU
		{D0597670-D3B9-41BE-807E-5FA8554333DF}.Debug.Instant977|Any CPU.ActiveCfg = Debug.Instant977|Any CPU
		{D0597670-D3B9-41BE-807E-5FA8554333DF}.Debug.Instant977|Any CPU.Build.0 = Debug.Instant977|Any CPU
		{D0597670-D3B9-41BE-807E-5FA8554333DF}.Debug.Kassymov|Any CPU.ActiveCfg = Debug.Kassymov|Any CPU
		{D0597670-D3B9-41BE-807E-5FA8554333DF}.Debug.Kassymov|Any CPU.Build.0 = Debug.Kassymov|Any CPU
		{D0597670-D3B9-41BE-807E-5FA8554333DF}.Debug.Yelaman|Any CPU.ActiveCfg = Debug|Any CPU
		{D0597670-D3B9-41BE-807E-5FA8554333DF}.Debug.Yelaman|Any CPU.Build.0 = Debug|Any CPU
		{D0597670-D3B9-41BE-807E-5FA8554333DF}.Debug|Any CPU.ActiveCfg = Debug|Any CPU
		{D0597670-D3B9-41BE-807E-5FA8554333DF}.Debug|Any CPU.Build.0 = Debug|Any CPU
		{D0597670-D3B9-41BE-807E-5FA8554333DF}.Release|Any CPU.ActiveCfg = Release|Any CPU
		{D0597670-D3B9-41BE-807E-5FA8554333DF}.Release|Any CPU.Build.0 = Release|Any CPU
		{D0597670-D3B9-41BE-807E-5FA8554333DF}.Test|Any CPU.ActiveCfg = Release|Any CPU
		{D0597670-D3B9-41BE-807E-5FA8554333DF}.Test|Any CPU.Build.0 = Release|Any CPU
		{D0597670-D3B9-41BE-807E-5FA8554333DF}.War|Any CPU.ActiveCfg = Release|Any CPU
		{D0597670-D3B9-41BE-807E-5FA8554333DF}.War|Any CPU.Build.0 = Release|Any CPU
		{6017E6A3-31D6-45E1-9012-0BC09A6B54EB}.Debug.Alexandr|Any CPU.ActiveCfg = Debug|Any CPU
		{6017E6A3-31D6-45E1-9012-0BC09A6B54EB}.Debug.Bob217|Any CPU.ActiveCfg = Debug|Any CPU
		{6017E6A3-31D6-45E1-9012-0BC09A6B54EB}.Debug.Bob217|Any CPU.Build.0 = Debug|Any CPU
		{6017E6A3-31D6-45E1-9012-0BC09A6B54EB}.Debug.Didar|Any CPU.ActiveCfg = Debug|Any CPU
		{6017E6A3-31D6-45E1-9012-0BC09A6B54EB}.Debug.Didar|Any CPU.Build.0 = Debug|Any CPU
		{6017E6A3-31D6-45E1-9012-0BC09A6B54EB}.Debug.Evgeniy|Any CPU.ActiveCfg = Debug|Any CPU
		{6017E6A3-31D6-45E1-9012-0BC09A6B54EB}.Debug.Evgeniy|Any CPU.Build.0 = Debug|Any CPU
		{6017E6A3-31D6-45E1-9012-0BC09A6B54EB}.Debug.Instant977|Any CPU.ActiveCfg = Debug|Any CPU
		{6017E6A3-31D6-45E1-9012-0BC09A6B54EB}.Debug.Instant977|Any CPU.Build.0 = Debug|Any CPU
		{6017E6A3-31D6-45E1-9012-0BC09A6B54EB}.Debug.Kassymov|Any CPU.ActiveCfg = Debug|Any CPU
		{6017E6A3-31D6-45E1-9012-0BC09A6B54EB}.Debug.Kassymov|Any CPU.Build.0 = Debug|Any CPU
		{6017E6A3-31D6-45E1-9012-0BC09A6B54EB}.Debug.Yelaman|Any CPU.ActiveCfg = Debug|Any CPU
		{6017E6A3-31D6-45E1-9012-0BC09A6B54EB}.Debug.Yelaman|Any CPU.Build.0 = Debug|Any CPU
		{6017E6A3-31D6-45E1-9012-0BC09A6B54EB}.Debug|Any CPU.ActiveCfg = Debug|Any CPU
		{6017E6A3-31D6-45E1-9012-0BC09A6B54EB}.Debug|Any CPU.Build.0 = Debug|Any CPU
		{6017E6A3-31D6-45E1-9012-0BC09A6B54EB}.Release|Any CPU.ActiveCfg = Release|Any CPU
		{6017E6A3-31D6-45E1-9012-0BC09A6B54EB}.Release|Any CPU.Build.0 = Release|Any CPU
		{6017E6A3-31D6-45E1-9012-0BC09A6B54EB}.Test|Any CPU.ActiveCfg = Release|Any CPU
		{6017E6A3-31D6-45E1-9012-0BC09A6B54EB}.Test|Any CPU.Build.0 = Release|Any CPU
		{6017E6A3-31D6-45E1-9012-0BC09A6B54EB}.War|Any CPU.ActiveCfg = Release|Any CPU
		{6017E6A3-31D6-45E1-9012-0BC09A6B54EB}.War|Any CPU.Build.0 = Release|Any CPU
	EndGlobalSection
	GlobalSection(SolutionProperties) = preSolution
		HideSolutionNode = FALSE
	EndGlobalSection
EndGlobal
