
Microsoft Visual Studio Solution File, Format Version 12.00
# Visual Studio 15
VisualStudioVersion = 15.0.27130.2036
MinimumVisualStudioVersion = 10.0.40219.1
Project("{FAE04EC0-301F-11D3-BF4B-00C04F79EFBC}") = "PW.Ncels", "PW.Ncels\PW.Ncels.csproj", "{5777C569-C2E0-499B-97A0-03D767679001}"
EndProject
Project("{FAE04EC0-301F-11D3-BF4B-00C04F79EFBC}") = "PW.Ncels.Database", "PW.Ncels.Database\PW.Ncels.Database.csproj", "{BC73B125-8E6F-4F2E-95C8-73B9C0299D26}"
EndProject
Project("{FAE04EC0-301F-11D3-BF4B-00C04F79EFBC}") = "PW.Prism", "PW.Prism\PW.Prism.csproj", "{D6973E4D-BB69-47E9-BB78-5FA06756976E}"
EndProject
Project("{FAE04EC0-301F-11D3-BF4B-00C04F79EFBC}") = "Ncels.Helpers", "Ncels.Helpers\Ncels.Helpers.csproj", "{90E78766-9CF1-430A-8C9B-AF9E948E94F7}"
EndProject
Project("{FAE04EC0-301F-11D3-BF4B-00C04F79EFBC}") = "Ncels.Core", "Ncels.Core\Ncels.Core.csproj", "{D0597670-D3B9-41BE-807E-5FA8554333DF}"
EndProject
Project("{FAE04EC0-301F-11D3-BF4B-00C04F79EFBC}") = "Ncels.Scheduler", "Ncels.Scheduler\Ncels.Scheduler.csproj", "{6017E6A3-31D6-45E1-9012-0BC09A6B54EB}"
EndProject
Project("{2150E333-8FDC-42A3-9474-1A3956D46DE8}") = "Teme", "Teme", "{1B598BA6-2EA5-4851-B9D0-119C7DDC3A8E}"
EndProject
Project("{FAE04EC0-301F-11D3-BF4B-00C04F79EFBC}") = "Ncels.Teme.Web", "Ncels.Teme.Web\Ncels.Teme.Web.csproj", "{657C21C8-DFA8-4282-8B18-99094AE62D8B}"
EndProject
Project("{FAE04EC0-301F-11D3-BF4B-00C04F79EFBC}") = "Ncels.Teme.Contracts", "Ncels.Teme.Contracts\Ncels.Teme.Contracts.csproj", "{A460A8B3-5BA2-4E4F-9A3F-C267D212A9A4}"
EndProject
Project("{FAE04EC0-301F-11D3-BF4B-00C04F79EFBC}") = "Ncels.Teme.Infrastructure", "Ncels.Teme.Infrastructure\Ncels.Teme.Infrastructure.csproj", "{24B12B34-0829-48EB-BA18-4E1C0831DA97}"
EndProject
Project("{9A19103F-16F7-4668-BE54-9A1E7A4F7556}") = "RSC.IdentityServer4", "RSC.IdentityServer4\RSC.IdentityServer4.csproj", "{84727E2B-C131-445A-9922-E522C010950E}"
EndProject
Project("{2150E333-8FDC-42A3-9474-1A3956D46DE8}") = "Identity", "Identity", "{1B917F92-9EF0-4843-B5BA-E69DAD33C465}"
EndProject
Project("{9A19103F-16F7-4668-BE54-9A1E7A4F7556}") = "Teme.Shared.Data", "Teme.Shared.Data\Teme.Shared.Data.csproj", "{70AF6B56-EA05-4B62-AFAA-61864A109417}"
EndProject
Project("{9A19103F-16F7-4668-BE54-9A1E7A4F7556}") = "Teme.Identity.Data", "Teme.Identity.Data\Teme.Identity.Data.csproj", "{DA7CF55A-D5DB-4311-9045-C19C93C32F67}"
EndProject
Project("{9A19103F-16F7-4668-BE54-9A1E7A4F7556}") = "Teme.Identity.Logic", "Teme.Identity.Logic\Teme.Identity.Logic.csproj", "{0C90433B-4BB8-49A2-9919-2291D21E3631}"
EndProject
Project("{2150E333-8FDC-42A3-9474-1A3956D46DE8}") = "Libs", "Libs", "{BE1AA343-5F5A-447B-9BA4-C4B04748219D}"
EndProject
Project("{9A19103F-16F7-4668-BE54-9A1E7A4F7556}") = "WorkflowCore", "WorkflowCore\WorkflowCore.csproj", "{3199AFE0-D5AA-435A-B19A-5B2917C6119A}"
EndProject
Project("{9A19103F-16F7-4668-BE54-9A1E7A4F7556}") = "WorkflowCore.Persistence.EntityFramework", "WorkflowCore.Persistence.EntityFramework\WorkflowCore.Persistence.EntityFramework.csproj", "{85231D77-629D-4CD8-A5BF-5E124DB2B9D0}"
EndProject
Project("{9A19103F-16F7-4668-BE54-9A1E7A4F7556}") = "WorkflowCore.Persistence.SqlServer", "WorkflowCore.Persistence.SqlServer\WorkflowCore.Persistence.SqlServer.csproj", "{CF3BE27C-D09F-4974-8B02-9DC3BFD51AFF}"
EndProject
Project("{2150E333-8FDC-42A3-9474-1A3956D46DE8}") = "1old", "1old", "{FB5BE010-45E8-4311-89D0-D44D519C2ED0}"
EndProject
Project("{9A19103F-16F7-4668-BE54-9A1E7A4F7556}") = "Teme.Shared.Logic", "Teme.Shared.Logic\Teme.Shared.Logic.csproj", "{65E3F6B2-3753-4A5A-BF81-B5D27430436D}"
EndProject
Project("{9A19103F-16F7-4668-BE54-9A1E7A4F7556}") = "Teme.Contract.Infrastructure", "Teme.Contract.Infrastructure\Teme.Contract.Infrastructure.csproj", "{DACF2E58-80F1-49A7-9466-6CACE63278A0}"
EndProject
Project("{9A19103F-16F7-4668-BE54-9A1E7A4F7556}") = "Teme.Contract.Api", "Teme.Contract.Api\Teme.Contract.Api.csproj", "{33743F22-7B8A-4C85-97B7-CAB4CE897090}"
EndProject
Project("{2150E333-8FDC-42A3-9474-1A3956D46DE8}") = "Contract", "Contract", "{4B562904-85A0-4220-8A16-6535FCC0B12F}"
EndProject
Project("{9A19103F-16F7-4668-BE54-9A1E7A4F7556}") = "Teme.Contract.Logic", "Teme.Contract.Logic\Teme.Contract.Logic.csproj", "{906D2099-3063-43C8-ADDD-969BF7643CB8}"
EndProject
Project("{9A19103F-16F7-4668-BE54-9A1E7A4F7556}") = "Teme.Contract.Data", "Teme.Contract.Data\Teme.Contract.Data.csproj", "{7B2279AA-6E36-42CB-8A1D-46211F2D11A6}"
EndProject
Project("{9A19103F-16F7-4668-BE54-9A1E7A4F7556}") = "RSC.Core", "RSC.Core\RSC.Core.csproj", "{E649D558-14D0-4980-BA62-952E3CF81BBF}"
EndProject
Project("{9A19103F-16F7-4668-BE54-9A1E7A4F7556}") = "RSC.Core", "RSC.Core\RSC.Core.csproj", "{0CBD0B12-40E3-4926-B3B4-BB44E8B66345}"
EndProject
Global
	GlobalSection(SolutionConfigurationPlatforms) = preSolution
		Debug.Alexandr|Any CPU = Debug.Alexandr|Any CPU
		Debug.Bob217|Any CPU = Debug.Bob217|Any CPU
		Debug.Didar|Any CPU = Debug.Didar|Any CPU
		Debug.Evgeniy|Any CPU = Debug.Evgeniy|Any CPU
		Debug.Instant977|Any CPU = Debug.Instant977|Any CPU
		Debug.Kassymov|Any CPU = Debug.Kassymov|Any CPU
		Debug.Yelaman|Any CPU = Debug.Yelaman|Any CPU
		Debug|Any CPU = Debug|Any CPU
		Release|Any CPU = Release|Any CPU
		Test|Any CPU = Test|Any CPU
		War|Any CPU = War|Any CPU
	EndGlobalSection
	GlobalSection(ProjectConfigurationPlatforms) = postSolution
		{5777C569-C2E0-499B-97A0-03D767679001}.Debug.Alexandr|Any CPU.ActiveCfg = Debug.Alexandr|Any CPU
		{5777C569-C2E0-499B-97A0-03D767679001}.Debug.Alexandr|Any CPU.Build.0 = Debug.Alexandr|Any CPU
		{5777C569-C2E0-499B-97A0-03D767679001}.Debug.Bob217|Any CPU.ActiveCfg = Debug.Bob217|Any CPU
		{5777C569-C2E0-499B-97A0-03D767679001}.Debug.Bob217|Any CPU.Build.0 = Debug.Bob217|Any CPU
		{5777C569-C2E0-499B-97A0-03D767679001}.Debug.Didar|Any CPU.ActiveCfg = Debug.Didar|Any CPU
		{5777C569-C2E0-499B-97A0-03D767679001}.Debug.Didar|Any CPU.Build.0 = Debug.Didar|Any CPU
		{5777C569-C2E0-499B-97A0-03D767679001}.Debug.Evgeniy|Any CPU.ActiveCfg = Debug.Evgeniy|Any CPU
		{5777C569-C2E0-499B-97A0-03D767679001}.Debug.Evgeniy|Any CPU.Build.0 = Debug.Evgeniy|Any CPU
		{5777C569-C2E0-499B-97A0-03D767679001}.Debug.Instant977|Any CPU.ActiveCfg = Debug.Instant977|Any CPU
		{5777C569-C2E0-499B-97A0-03D767679001}.Debug.Instant977|Any CPU.Build.0 = Debug.Instant977|Any CPU
		{5777C569-C2E0-499B-97A0-03D767679001}.Debug.Kassymov|Any CPU.ActiveCfg = Debug.Kassymov|Any CPU
		{5777C569-C2E0-499B-97A0-03D767679001}.Debug.Kassymov|Any CPU.Build.0 = Debug.Kassymov|Any CPU
		{5777C569-C2E0-499B-97A0-03D767679001}.Debug.Yelaman|Any CPU.ActiveCfg = Debug.Yelaman|Any CPU
		{5777C569-C2E0-499B-97A0-03D767679001}.Debug.Yelaman|Any CPU.Build.0 = Debug.Yelaman|Any CPU
		{5777C569-C2E0-499B-97A0-03D767679001}.Debug|Any CPU.ActiveCfg = Debug|Any CPU
		{5777C569-C2E0-499B-97A0-03D767679001}.Debug|Any CPU.Build.0 = Debug|Any CPU
		{5777C569-C2E0-499B-97A0-03D767679001}.Release|Any CPU.ActiveCfg = Release|Any CPU
		{5777C569-C2E0-499B-97A0-03D767679001}.Release|Any CPU.Build.0 = Release|Any CPU
		{5777C569-C2E0-499B-97A0-03D767679001}.Test|Any CPU.ActiveCfg = Test|Any CPU
		{5777C569-C2E0-499B-97A0-03D767679001}.Test|Any CPU.Build.0 = Test|Any CPU
		{5777C569-C2E0-499B-97A0-03D767679001}.War|Any CPU.ActiveCfg = War|Any CPU
		{5777C569-C2E0-499B-97A0-03D767679001}.War|Any CPU.Build.0 = War|Any CPU
		{BC73B125-8E6F-4F2E-95C8-73B9C0299D26}.Debug.Alexandr|Any CPU.ActiveCfg = Debug.Alexandr|Any CPU
		{BC73B125-8E6F-4F2E-95C8-73B9C0299D26}.Debug.Alexandr|Any CPU.Build.0 = Debug.Alexandr|Any CPU
		{BC73B125-8E6F-4F2E-95C8-73B9C0299D26}.Debug.Bob217|Any CPU.ActiveCfg = Debug.Bob217|Any CPU
		{BC73B125-8E6F-4F2E-95C8-73B9C0299D26}.Debug.Bob217|Any CPU.Build.0 = Debug.Bob217|Any CPU
		{BC73B125-8E6F-4F2E-95C8-73B9C0299D26}.Debug.Didar|Any CPU.ActiveCfg = Debug.Didar|Any CPU
		{BC73B125-8E6F-4F2E-95C8-73B9C0299D26}.Debug.Didar|Any CPU.Build.0 = Debug.Didar|Any CPU
		{BC73B125-8E6F-4F2E-95C8-73B9C0299D26}.Debug.Evgeniy|Any CPU.ActiveCfg = Debug.Evgeniy|Any CPU
		{BC73B125-8E6F-4F2E-95C8-73B9C0299D26}.Debug.Evgeniy|Any CPU.Build.0 = Debug.Evgeniy|Any CPU
		{BC73B125-8E6F-4F2E-95C8-73B9C0299D26}.Debug.Instant977|Any CPU.ActiveCfg = Debug.Yelaman|Any CPU
		{BC73B125-8E6F-4F2E-95C8-73B9C0299D26}.Debug.Instant977|Any CPU.Build.0 = Debug.Yelaman|Any CPU
		{BC73B125-8E6F-4F2E-95C8-73B9C0299D26}.Debug.Kassymov|Any CPU.ActiveCfg = Debug.Kassymov|Any CPU
		{BC73B125-8E6F-4F2E-95C8-73B9C0299D26}.Debug.Kassymov|Any CPU.Build.0 = Debug.Kassymov|Any CPU
		{BC73B125-8E6F-4F2E-95C8-73B9C0299D26}.Debug.Yelaman|Any CPU.ActiveCfg = Debug.Yelaman|Any CPU
		{BC73B125-8E6F-4F2E-95C8-73B9C0299D26}.Debug.Yelaman|Any CPU.Build.0 = Debug.Yelaman|Any CPU
		{BC73B125-8E6F-4F2E-95C8-73B9C0299D26}.Debug|Any CPU.ActiveCfg = Debug|Any CPU
		{BC73B125-8E6F-4F2E-95C8-73B9C0299D26}.Debug|Any CPU.Build.0 = Debug|Any CPU
		{BC73B125-8E6F-4F2E-95C8-73B9C0299D26}.Release|Any CPU.ActiveCfg = Release|Any CPU
		{BC73B125-8E6F-4F2E-95C8-73B9C0299D26}.Release|Any CPU.Build.0 = Release|Any CPU
		{BC73B125-8E6F-4F2E-95C8-73B9C0299D26}.Test|Any CPU.ActiveCfg = Test|Any CPU
		{BC73B125-8E6F-4F2E-95C8-73B9C0299D26}.Test|Any CPU.Build.0 = Test|Any CPU
		{BC73B125-8E6F-4F2E-95C8-73B9C0299D26}.War|Any CPU.ActiveCfg = War|Any CPU
		{BC73B125-8E6F-4F2E-95C8-73B9C0299D26}.War|Any CPU.Build.0 = War|Any CPU
		{D6973E4D-BB69-47E9-BB78-5FA06756976E}.Debug.Alexandr|Any CPU.ActiveCfg = Debug.Alexandr|Any CPU
		{D6973E4D-BB69-47E9-BB78-5FA06756976E}.Debug.Alexandr|Any CPU.Build.0 = Debug.Alexandr|Any CPU
		{D6973E4D-BB69-47E9-BB78-5FA06756976E}.Debug.Bob217|Any CPU.ActiveCfg = Debug.Bob217|Any CPU
		{D6973E4D-BB69-47E9-BB78-5FA06756976E}.Debug.Bob217|Any CPU.Build.0 = Debug.Bob217|Any CPU
		{D6973E4D-BB69-47E9-BB78-5FA06756976E}.Debug.Didar|Any CPU.ActiveCfg = Debug.Didar|Any CPU
		{D6973E4D-BB69-47E9-BB78-5FA06756976E}.Debug.Didar|Any CPU.Build.0 = Debug.Didar|Any CPU
		{D6973E4D-BB69-47E9-BB78-5FA06756976E}.Debug.Evgeniy|Any CPU.ActiveCfg = Debug.Evgeniy|Any CPU
		{D6973E4D-BB69-47E9-BB78-5FA06756976E}.Debug.Evgeniy|Any CPU.Build.0 = Debug.Evgeniy|Any CPU
		{D6973E4D-BB69-47E9-BB78-5FA06756976E}.Debug.Instant977|Any CPU.ActiveCfg = Debug.Instant977|Any CPU
		{D6973E4D-BB69-47E9-BB78-5FA06756976E}.Debug.Instant977|Any CPU.Build.0 = Debug.Instant977|Any CPU
		{D6973E4D-BB69-47E9-BB78-5FA06756976E}.Debug.Kassymov|Any CPU.ActiveCfg = Debug.Kassymov|Any CPU
		{D6973E4D-BB69-47E9-BB78-5FA06756976E}.Debug.Kassymov|Any CPU.Build.0 = Debug.Kassymov|Any CPU
		{D6973E4D-BB69-47E9-BB78-5FA06756976E}.Debug.Yelaman|Any CPU.ActiveCfg = Debug.Yelaman|Any CPU
		{D6973E4D-BB69-47E9-BB78-5FA06756976E}.Debug.Yelaman|Any CPU.Build.0 = Debug.Yelaman|Any CPU
		{D6973E4D-BB69-47E9-BB78-5FA06756976E}.Debug|Any CPU.ActiveCfg = Debug|Any CPU
		{D6973E4D-BB69-47E9-BB78-5FA06756976E}.Debug|Any CPU.Build.0 = Debug|Any CPU
		{D6973E4D-BB69-47E9-BB78-5FA06756976E}.Release|Any CPU.ActiveCfg = Release|Any CPU
		{D6973E4D-BB69-47E9-BB78-5FA06756976E}.Release|Any CPU.Build.0 = Release|Any CPU
		{D6973E4D-BB69-47E9-BB78-5FA06756976E}.Test|Any CPU.ActiveCfg = Test|Any CPU
		{D6973E4D-BB69-47E9-BB78-5FA06756976E}.Test|Any CPU.Build.0 = Test|Any CPU
		{D6973E4D-BB69-47E9-BB78-5FA06756976E}.War|Any CPU.ActiveCfg = War|Any CPU
		{D6973E4D-BB69-47E9-BB78-5FA06756976E}.War|Any CPU.Build.0 = War|Any CPU
		{90E78766-9CF1-430A-8C9B-AF9E948E94F7}.Debug.Alexandr|Any CPU.ActiveCfg = Debug|Any CPU
		{90E78766-9CF1-430A-8C9B-AF9E948E94F7}.Debug.Alexandr|Any CPU.Build.0 = Debug|Any CPU
		{90E78766-9CF1-430A-8C9B-AF9E948E94F7}.Debug.Bob217|Any CPU.ActiveCfg = Debug|Any CPU
		{90E78766-9CF1-430A-8C9B-AF9E948E94F7}.Debug.Bob217|Any CPU.Build.0 = Debug|Any CPU
		{90E78766-9CF1-430A-8C9B-AF9E948E94F7}.Debug.Didar|Any CPU.ActiveCfg = Debug|Any CPU
		{90E78766-9CF1-430A-8C9B-AF9E948E94F7}.Debug.Didar|Any CPU.Build.0 = Debug|Any CPU
		{90E78766-9CF1-430A-8C9B-AF9E948E94F7}.Debug.Evgeniy|Any CPU.ActiveCfg = Debug|Any CPU
		{90E78766-9CF1-430A-8C9B-AF9E948E94F7}.Debug.Evgeniy|Any CPU.Build.0 = Debug|Any CPU
		{90E78766-9CF1-430A-8C9B-AF9E948E94F7}.Debug.Instant977|Any CPU.ActiveCfg = Debug.Instant977|Any CPU
		{90E78766-9CF1-430A-8C9B-AF9E948E94F7}.Debug.Instant977|Any CPU.Build.0 = Debug.Instant977|Any CPU
		{90E78766-9CF1-430A-8C9B-AF9E948E94F7}.Debug.Kassymov|Any CPU.ActiveCfg = Debug.Kassymov|Any CPU
		{90E78766-9CF1-430A-8C9B-AF9E948E94F7}.Debug.Kassymov|Any CPU.Build.0 = Debug.Kassymov|Any CPU
		{90E78766-9CF1-430A-8C9B-AF9E948E94F7}.Debug.Yelaman|Any CPU.ActiveCfg = Debug|Any CPU
		{90E78766-9CF1-430A-8C9B-AF9E948E94F7}.Debug.Yelaman|Any CPU.Build.0 = Debug|Any CPU
		{90E78766-9CF1-430A-8C9B-AF9E948E94F7}.Debug|Any CPU.ActiveCfg = Debug|Any CPU
		{90E78766-9CF1-430A-8C9B-AF9E948E94F7}.Debug|Any CPU.Build.0 = Debug|Any CPU
		{90E78766-9CF1-430A-8C9B-AF9E948E94F7}.Release|Any CPU.ActiveCfg = Release|Any CPU
		{90E78766-9CF1-430A-8C9B-AF9E948E94F7}.Release|Any CPU.Build.0 = Release|Any CPU
		{90E78766-9CF1-430A-8C9B-AF9E948E94F7}.Test|Any CPU.ActiveCfg = Release|Any CPU
		{90E78766-9CF1-430A-8C9B-AF9E948E94F7}.Test|Any CPU.Build.0 = Release|Any CPU
		{90E78766-9CF1-430A-8C9B-AF9E948E94F7}.War|Any CPU.ActiveCfg = Release|Any CPU
		{90E78766-9CF1-430A-8C9B-AF9E948E94F7}.War|Any CPU.Build.0 = Release|Any CPU
		{D0597670-D3B9-41BE-807E-5FA8554333DF}.Debug.Alexandr|Any CPU.ActiveCfg = Debug|Any CPU
		{D0597670-D3B9-41BE-807E-5FA8554333DF}.Debug.Alexandr|Any CPU.Build.0 = Debug|Any CPU
		{D0597670-D3B9-41BE-807E-5FA8554333DF}.Debug.Alexandr|Any CPU.Deploy.0 = Debug|Any CPU
		{D0597670-D3B9-41BE-807E-5FA8554333DF}.Debug.Bob217|Any CPU.ActiveCfg = Debug|Any CPU
		{D0597670-D3B9-41BE-807E-5FA8554333DF}.Debug.Bob217|Any CPU.Build.0 = Debug|Any CPU
		{D0597670-D3B9-41BE-807E-5FA8554333DF}.Debug.Didar|Any CPU.ActiveCfg = Debug|Any CPU
		{D0597670-D3B9-41BE-807E-5FA8554333DF}.Debug.Didar|Any CPU.Build.0 = Debug|Any CPU
		{D0597670-D3B9-41BE-807E-5FA8554333DF}.Debug.Evgeniy|Any CPU.ActiveCfg = Debug|Any CPU
		{D0597670-D3B9-41BE-807E-5FA8554333DF}.Debug.Evgeniy|Any CPU.Build.0 = Debug|Any CPU
		{D0597670-D3B9-41BE-807E-5FA8554333DF}.Debug.Instant977|Any CPU.ActiveCfg = Debug.Instant977|Any CPU
		{D0597670-D3B9-41BE-807E-5FA8554333DF}.Debug.Instant977|Any CPU.Build.0 = Debug.Instant977|Any CPU
		{D0597670-D3B9-41BE-807E-5FA8554333DF}.Debug.Kassymov|Any CPU.ActiveCfg = Debug.Kassymov|Any CPU
		{D0597670-D3B9-41BE-807E-5FA8554333DF}.Debug.Kassymov|Any CPU.Build.0 = Debug.Kassymov|Any CPU
		{D0597670-D3B9-41BE-807E-5FA8554333DF}.Debug.Yelaman|Any CPU.ActiveCfg = Debug|Any CPU
		{D0597670-D3B9-41BE-807E-5FA8554333DF}.Debug.Yelaman|Any CPU.Build.0 = Debug|Any CPU
		{D0597670-D3B9-41BE-807E-5FA8554333DF}.Debug|Any CPU.ActiveCfg = Debug|Any CPU
		{D0597670-D3B9-41BE-807E-5FA8554333DF}.Debug|Any CPU.Build.0 = Debug|Any CPU
		{D0597670-D3B9-41BE-807E-5FA8554333DF}.Release|Any CPU.ActiveCfg = Release|Any CPU
		{D0597670-D3B9-41BE-807E-5FA8554333DF}.Release|Any CPU.Build.0 = Release|Any CPU
		{D0597670-D3B9-41BE-807E-5FA8554333DF}.Test|Any CPU.ActiveCfg = Release|Any CPU
		{D0597670-D3B9-41BE-807E-5FA8554333DF}.Test|Any CPU.Build.0 = Release|Any CPU
		{D0597670-D3B9-41BE-807E-5FA8554333DF}.War|Any CPU.ActiveCfg = Release|Any CPU
		{D0597670-D3B9-41BE-807E-5FA8554333DF}.War|Any CPU.Build.0 = Release|Any CPU
		{6017E6A3-31D6-45E1-9012-0BC09A6B54EB}.Debug.Alexandr|Any CPU.ActiveCfg = Debug|Any CPU
		{6017E6A3-31D6-45E1-9012-0BC09A6B54EB}.Debug.Bob217|Any CPU.ActiveCfg = Debug|Any CPU
		{6017E6A3-31D6-45E1-9012-0BC09A6B54EB}.Debug.Bob217|Any CPU.Build.0 = Debug|Any CPU
		{6017E6A3-31D6-45E1-9012-0BC09A6B54EB}.Debug.Didar|Any CPU.ActiveCfg = Debug|Any CPU
		{6017E6A3-31D6-45E1-9012-0BC09A6B54EB}.Debug.Didar|Any CPU.Build.0 = Debug|Any CPU
		{6017E6A3-31D6-45E1-9012-0BC09A6B54EB}.Debug.Evgeniy|Any CPU.ActiveCfg = Debug|Any CPU
		{6017E6A3-31D6-45E1-9012-0BC09A6B54EB}.Debug.Evgeniy|Any CPU.Build.0 = Debug|Any CPU
		{6017E6A3-31D6-45E1-9012-0BC09A6B54EB}.Debug.Instant977|Any CPU.ActiveCfg = Debug|Any CPU
		{6017E6A3-31D6-45E1-9012-0BC09A6B54EB}.Debug.Instant977|Any CPU.Build.0 = Debug|Any CPU
		{6017E6A3-31D6-45E1-9012-0BC09A6B54EB}.Debug.Kassymov|Any CPU.ActiveCfg = Debug|Any CPU
		{6017E6A3-31D6-45E1-9012-0BC09A6B54EB}.Debug.Kassymov|Any CPU.Build.0 = Debug|Any CPU
		{6017E6A3-31D6-45E1-9012-0BC09A6B54EB}.Debug.Yelaman|Any CPU.ActiveCfg = Debug|Any CPU
		{6017E6A3-31D6-45E1-9012-0BC09A6B54EB}.Debug.Yelaman|Any CPU.Build.0 = Debug|Any CPU
		{6017E6A3-31D6-45E1-9012-0BC09A6B54EB}.Debug|Any CPU.ActiveCfg = Debug|Any CPU
		{6017E6A3-31D6-45E1-9012-0BC09A6B54EB}.Debug|Any CPU.Build.0 = Debug|Any CPU
		{6017E6A3-31D6-45E1-9012-0BC09A6B54EB}.Release|Any CPU.ActiveCfg = Release|Any CPU
		{6017E6A3-31D6-45E1-9012-0BC09A6B54EB}.Release|Any CPU.Build.0 = Release|Any CPU
		{6017E6A3-31D6-45E1-9012-0BC09A6B54EB}.Test|Any CPU.ActiveCfg = Release|Any CPU
		{6017E6A3-31D6-45E1-9012-0BC09A6B54EB}.Test|Any CPU.Build.0 = Release|Any CPU
		{6017E6A3-31D6-45E1-9012-0BC09A6B54EB}.War|Any CPU.ActiveCfg = Release|Any CPU
		{6017E6A3-31D6-45E1-9012-0BC09A6B54EB}.War|Any CPU.Build.0 = Release|Any CPU
		{657C21C8-DFA8-4282-8B18-99094AE62D8B}.Debug.Alexandr|Any CPU.ActiveCfg = Debug|Any CPU
		{657C21C8-DFA8-4282-8B18-99094AE62D8B}.Debug.Alexandr|Any CPU.Build.0 = Debug|Any CPU
		{657C21C8-DFA8-4282-8B18-99094AE62D8B}.Debug.Bob217|Any CPU.ActiveCfg = Debug|Any CPU
		{657C21C8-DFA8-4282-8B18-99094AE62D8B}.Debug.Bob217|Any CPU.Build.0 = Debug|Any CPU
		{657C21C8-DFA8-4282-8B18-99094AE62D8B}.Debug.Didar|Any CPU.ActiveCfg = Debug|Any CPU
		{657C21C8-DFA8-4282-8B18-99094AE62D8B}.Debug.Didar|Any CPU.Build.0 = Debug|Any CPU
		{657C21C8-DFA8-4282-8B18-99094AE62D8B}.Debug.Evgeniy|Any CPU.ActiveCfg = Debug|Any CPU
		{657C21C8-DFA8-4282-8B18-99094AE62D8B}.Debug.Evgeniy|Any CPU.Build.0 = Debug|Any CPU
		{657C21C8-DFA8-4282-8B18-99094AE62D8B}.Debug.Instant977|Any CPU.ActiveCfg = Debug|Any CPU
		{657C21C8-DFA8-4282-8B18-99094AE62D8B}.Debug.Instant977|Any CPU.Build.0 = Debug|Any CPU
		{657C21C8-DFA8-4282-8B18-99094AE62D8B}.Debug.Kassymov|Any CPU.ActiveCfg = Debug|Any CPU
		{657C21C8-DFA8-4282-8B18-99094AE62D8B}.Debug.Kassymov|Any CPU.Build.0 = Debug|Any CPU
		{657C21C8-DFA8-4282-8B18-99094AE62D8B}.Debug.Yelaman|Any CPU.ActiveCfg = Debug|Any CPU
		{657C21C8-DFA8-4282-8B18-99094AE62D8B}.Debug.Yelaman|Any CPU.Build.0 = Debug|Any CPU
		{657C21C8-DFA8-4282-8B18-99094AE62D8B}.Debug|Any CPU.ActiveCfg = Debug|Any CPU
		{657C21C8-DFA8-4282-8B18-99094AE62D8B}.Debug|Any CPU.Build.0 = Debug|Any CPU
		{657C21C8-DFA8-4282-8B18-99094AE62D8B}.Release|Any CPU.ActiveCfg = Release|Any CPU
		{657C21C8-DFA8-4282-8B18-99094AE62D8B}.Release|Any CPU.Build.0 = Release|Any CPU
		{657C21C8-DFA8-4282-8B18-99094AE62D8B}.Test|Any CPU.ActiveCfg = Release|Any CPU
		{657C21C8-DFA8-4282-8B18-99094AE62D8B}.Test|Any CPU.Build.0 = Release|Any CPU
		{657C21C8-DFA8-4282-8B18-99094AE62D8B}.War|Any CPU.ActiveCfg = Release|Any CPU
		{657C21C8-DFA8-4282-8B18-99094AE62D8B}.War|Any CPU.Build.0 = Release|Any CPU
		{A460A8B3-5BA2-4E4F-9A3F-C267D212A9A4}.Debug.Alexandr|Any CPU.ActiveCfg = Debug|Any CPU
		{A460A8B3-5BA2-4E4F-9A3F-C267D212A9A4}.Debug.Alexandr|Any CPU.Build.0 = Debug|Any CPU
		{A460A8B3-5BA2-4E4F-9A3F-C267D212A9A4}.Debug.Bob217|Any CPU.ActiveCfg = Debug|Any CPU
		{A460A8B3-5BA2-4E4F-9A3F-C267D212A9A4}.Debug.Bob217|Any CPU.Build.0 = Debug|Any CPU
		{A460A8B3-5BA2-4E4F-9A3F-C267D212A9A4}.Debug.Didar|Any CPU.ActiveCfg = Debug|Any CPU
		{A460A8B3-5BA2-4E4F-9A3F-C267D212A9A4}.Debug.Didar|Any CPU.Build.0 = Debug|Any CPU
		{A460A8B3-5BA2-4E4F-9A3F-C267D212A9A4}.Debug.Evgeniy|Any CPU.ActiveCfg = Debug|Any CPU
		{A460A8B3-5BA2-4E4F-9A3F-C267D212A9A4}.Debug.Evgeniy|Any CPU.Build.0 = Debug|Any CPU
		{A460A8B3-5BA2-4E4F-9A3F-C267D212A9A4}.Debug.Instant977|Any CPU.ActiveCfg = Debug|Any CPU
		{A460A8B3-5BA2-4E4F-9A3F-C267D212A9A4}.Debug.Instant977|Any CPU.Build.0 = Debug|Any CPU
		{A460A8B3-5BA2-4E4F-9A3F-C267D212A9A4}.Debug.Kassymov|Any CPU.ActiveCfg = Debug|Any CPU
		{A460A8B3-5BA2-4E4F-9A3F-C267D212A9A4}.Debug.Kassymov|Any CPU.Build.0 = Debug|Any CPU
		{A460A8B3-5BA2-4E4F-9A3F-C267D212A9A4}.Debug.Yelaman|Any CPU.ActiveCfg = Debug|Any CPU
		{A460A8B3-5BA2-4E4F-9A3F-C267D212A9A4}.Debug.Yelaman|Any CPU.Build.0 = Debug|Any CPU
		{A460A8B3-5BA2-4E4F-9A3F-C267D212A9A4}.Debug|Any CPU.ActiveCfg = Debug|Any CPU
		{A460A8B3-5BA2-4E4F-9A3F-C267D212A9A4}.Debug|Any CPU.Build.0 = Debug|Any CPU
		{A460A8B3-5BA2-4E4F-9A3F-C267D212A9A4}.Release|Any CPU.ActiveCfg = Release|Any CPU
		{A460A8B3-5BA2-4E4F-9A3F-C267D212A9A4}.Release|Any CPU.Build.0 = Release|Any CPU
		{A460A8B3-5BA2-4E4F-9A3F-C267D212A9A4}.Test|Any CPU.ActiveCfg = Release|Any CPU
		{A460A8B3-5BA2-4E4F-9A3F-C267D212A9A4}.Test|Any CPU.Build.0 = Release|Any CPU
		{A460A8B3-5BA2-4E4F-9A3F-C267D212A9A4}.War|Any CPU.ActiveCfg = Release|Any CPU
		{A460A8B3-5BA2-4E4F-9A3F-C267D212A9A4}.War|Any CPU.Build.0 = Release|Any CPU
		{24B12B34-0829-48EB-BA18-4E1C0831DA97}.Debug.Alexandr|Any CPU.ActiveCfg = Debug|Any CPU
		{24B12B34-0829-48EB-BA18-4E1C0831DA97}.Debug.Alexandr|Any CPU.Build.0 = Debug|Any CPU
		{24B12B34-0829-48EB-BA18-4E1C0831DA97}.Debug.Bob217|Any CPU.ActiveCfg = Debug|Any CPU
		{24B12B34-0829-48EB-BA18-4E1C0831DA97}.Debug.Bob217|Any CPU.Build.0 = Debug|Any CPU
		{24B12B34-0829-48EB-BA18-4E1C0831DA97}.Debug.Didar|Any CPU.ActiveCfg = Debug|Any CPU
		{24B12B34-0829-48EB-BA18-4E1C0831DA97}.Debug.Didar|Any CPU.Build.0 = Debug|Any CPU
		{24B12B34-0829-48EB-BA18-4E1C0831DA97}.Debug.Evgeniy|Any CPU.ActiveCfg = Debug|Any CPU
		{24B12B34-0829-48EB-BA18-4E1C0831DA97}.Debug.Evgeniy|Any CPU.Build.0 = Debug|Any CPU
		{24B12B34-0829-48EB-BA18-4E1C0831DA97}.Debug.Instant977|Any CPU.ActiveCfg = Debug|Any CPU
		{24B12B34-0829-48EB-BA18-4E1C0831DA97}.Debug.Instant977|Any CPU.Build.0 = Debug|Any CPU
		{24B12B34-0829-48EB-BA18-4E1C0831DA97}.Debug.Kassymov|Any CPU.ActiveCfg = Debug|Any CPU
		{24B12B34-0829-48EB-BA18-4E1C0831DA97}.Debug.Kassymov|Any CPU.Build.0 = Debug|Any CPU
		{24B12B34-0829-48EB-BA18-4E1C0831DA97}.Debug.Yelaman|Any CPU.ActiveCfg = Debug|Any CPU
		{24B12B34-0829-48EB-BA18-4E1C0831DA97}.Debug.Yelaman|Any CPU.Build.0 = Debug|Any CPU
		{24B12B34-0829-48EB-BA18-4E1C0831DA97}.Debug|Any CPU.ActiveCfg = Debug|Any CPU
		{24B12B34-0829-48EB-BA18-4E1C0831DA97}.Debug|Any CPU.Build.0 = Debug|Any CPU
		{24B12B34-0829-48EB-BA18-4E1C0831DA97}.Release|Any CPU.ActiveCfg = Release|Any CPU
		{24B12B34-0829-48EB-BA18-4E1C0831DA97}.Release|Any CPU.Build.0 = Release|Any CPU
		{24B12B34-0829-48EB-BA18-4E1C0831DA97}.Test|Any CPU.ActiveCfg = Release|Any CPU
		{24B12B34-0829-48EB-BA18-4E1C0831DA97}.Test|Any CPU.Build.0 = Release|Any CPU
		{24B12B34-0829-48EB-BA18-4E1C0831DA97}.War|Any CPU.ActiveCfg = Release|Any CPU
		{24B12B34-0829-48EB-BA18-4E1C0831DA97}.War|Any CPU.Build.0 = Release|Any CPU
		{84727E2B-C131-445A-9922-E522C010950E}.Debug.Alexandr|Any CPU.ActiveCfg = Debug|Any CPU
		{84727E2B-C131-445A-9922-E522C010950E}.Debug.Alexandr|Any CPU.Build.0 = Debug|Any CPU
		{84727E2B-C131-445A-9922-E522C010950E}.Debug.Bob217|Any CPU.ActiveCfg = Debug|Any CPU
		{84727E2B-C131-445A-9922-E522C010950E}.Debug.Bob217|Any CPU.Build.0 = Debug|Any CPU
		{84727E2B-C131-445A-9922-E522C010950E}.Debug.Didar|Any CPU.ActiveCfg = Debug|Any CPU
		{84727E2B-C131-445A-9922-E522C010950E}.Debug.Didar|Any CPU.Build.0 = Debug|Any CPU
		{84727E2B-C131-445A-9922-E522C010950E}.Debug.Evgeniy|Any CPU.ActiveCfg = Debug|Any CPU
		{84727E2B-C131-445A-9922-E522C010950E}.Debug.Evgeniy|Any CPU.Build.0 = Debug|Any CPU
		{84727E2B-C131-445A-9922-E522C010950E}.Debug.Instant977|Any CPU.ActiveCfg = Debug|Any CPU
		{84727E2B-C131-445A-9922-E522C010950E}.Debug.Instant977|Any CPU.Build.0 = Debug|Any CPU
		{84727E2B-C131-445A-9922-E522C010950E}.Debug.Kassymov|Any CPU.ActiveCfg = Debug|Any CPU
		{84727E2B-C131-445A-9922-E522C010950E}.Debug.Kassymov|Any CPU.Build.0 = Debug|Any CPU
		{84727E2B-C131-445A-9922-E522C010950E}.Debug.Yelaman|Any CPU.ActiveCfg = Debug|Any CPU
		{84727E2B-C131-445A-9922-E522C010950E}.Debug.Yelaman|Any CPU.Build.0 = Debug|Any CPU
		{84727E2B-C131-445A-9922-E522C010950E}.Debug|Any CPU.ActiveCfg = Debug|Any CPU
		{84727E2B-C131-445A-9922-E522C010950E}.Debug|Any CPU.Build.0 = Debug|Any CPU
		{84727E2B-C131-445A-9922-E522C010950E}.Release|Any CPU.ActiveCfg = Release|Any CPU
		{84727E2B-C131-445A-9922-E522C010950E}.Release|Any CPU.Build.0 = Release|Any CPU
		{84727E2B-C131-445A-9922-E522C010950E}.Test|Any CPU.ActiveCfg = Debug|Any CPU
		{84727E2B-C131-445A-9922-E522C010950E}.Test|Any CPU.Build.0 = Debug|Any CPU
		{84727E2B-C131-445A-9922-E522C010950E}.War|Any CPU.ActiveCfg = Debug|Any CPU
		{84727E2B-C131-445A-9922-E522C010950E}.War|Any CPU.Build.0 = Debug|Any CPU
		{70AF6B56-EA05-4B62-AFAA-61864A109417}.Debug.Alexandr|Any CPU.ActiveCfg = Debug|Any CPU
		{70AF6B56-EA05-4B62-AFAA-61864A109417}.Debug.Alexandr|Any CPU.Build.0 = Debug|Any CPU
		{70AF6B56-EA05-4B62-AFAA-61864A109417}.Debug.Bob217|Any CPU.ActiveCfg = Debug|Any CPU
		{70AF6B56-EA05-4B62-AFAA-61864A109417}.Debug.Bob217|Any CPU.Build.0 = Debug|Any CPU
		{70AF6B56-EA05-4B62-AFAA-61864A109417}.Debug.Didar|Any CPU.ActiveCfg = Debug|Any CPU
		{70AF6B56-EA05-4B62-AFAA-61864A109417}.Debug.Didar|Any CPU.Build.0 = Debug|Any CPU
		{70AF6B56-EA05-4B62-AFAA-61864A109417}.Debug.Evgeniy|Any CPU.ActiveCfg = Debug|Any CPU
		{70AF6B56-EA05-4B62-AFAA-61864A109417}.Debug.Evgeniy|Any CPU.Build.0 = Debug|Any CPU
		{70AF6B56-EA05-4B62-AFAA-61864A109417}.Debug.Instant977|Any CPU.ActiveCfg = Debug|Any CPU
		{70AF6B56-EA05-4B62-AFAA-61864A109417}.Debug.Instant977|Any CPU.Build.0 = Debug|Any CPU
		{70AF6B56-EA05-4B62-AFAA-61864A109417}.Debug.Kassymov|Any CPU.ActiveCfg = Debug|Any CPU
		{70AF6B56-EA05-4B62-AFAA-61864A109417}.Debug.Kassymov|Any CPU.Build.0 = Debug|Any CPU
		{70AF6B56-EA05-4B62-AFAA-61864A109417}.Debug.Yelaman|Any CPU.ActiveCfg = Debug|Any CPU
		{70AF6B56-EA05-4B62-AFAA-61864A109417}.Debug.Yelaman|Any CPU.Build.0 = Debug|Any CPU
		{70AF6B56-EA05-4B62-AFAA-61864A109417}.Debug|Any CPU.ActiveCfg = Debug|Any CPU
		{70AF6B56-EA05-4B62-AFAA-61864A109417}.Debug|Any CPU.Build.0 = Debug|Any CPU
		{70AF6B56-EA05-4B62-AFAA-61864A109417}.Release|Any CPU.ActiveCfg = Release|Any CPU
		{70AF6B56-EA05-4B62-AFAA-61864A109417}.Release|Any CPU.Build.0 = Release|Any CPU
		{70AF6B56-EA05-4B62-AFAA-61864A109417}.Test|Any CPU.ActiveCfg = Debug|Any CPU
		{70AF6B56-EA05-4B62-AFAA-61864A109417}.Test|Any CPU.Build.0 = Debug|Any CPU
		{70AF6B56-EA05-4B62-AFAA-61864A109417}.War|Any CPU.ActiveCfg = Debug|Any CPU
		{70AF6B56-EA05-4B62-AFAA-61864A109417}.War|Any CPU.Build.0 = Debug|Any CPU
		{DA7CF55A-D5DB-4311-9045-C19C93C32F67}.Debug.Alexandr|Any CPU.ActiveCfg = Debug|Any CPU
		{DA7CF55A-D5DB-4311-9045-C19C93C32F67}.Debug.Alexandr|Any CPU.Build.0 = Debug|Any CPU
		{DA7CF55A-D5DB-4311-9045-C19C93C32F67}.Debug.Bob217|Any CPU.ActiveCfg = Debug|Any CPU
		{DA7CF55A-D5DB-4311-9045-C19C93C32F67}.Debug.Bob217|Any CPU.Build.0 = Debug|Any CPU
		{DA7CF55A-D5DB-4311-9045-C19C93C32F67}.Debug.Didar|Any CPU.ActiveCfg = Debug|Any CPU
		{DA7CF55A-D5DB-4311-9045-C19C93C32F67}.Debug.Didar|Any CPU.Build.0 = Debug|Any CPU
		{DA7CF55A-D5DB-4311-9045-C19C93C32F67}.Debug.Evgeniy|Any CPU.ActiveCfg = Debug|Any CPU
		{DA7CF55A-D5DB-4311-9045-C19C93C32F67}.Debug.Evgeniy|Any CPU.Build.0 = Debug|Any CPU
		{DA7CF55A-D5DB-4311-9045-C19C93C32F67}.Debug.Instant977|Any CPU.ActiveCfg = Debug|Any CPU
		{DA7CF55A-D5DB-4311-9045-C19C93C32F67}.Debug.Instant977|Any CPU.Build.0 = Debug|Any CPU
		{DA7CF55A-D5DB-4311-9045-C19C93C32F67}.Debug.Kassymov|Any CPU.ActiveCfg = Debug|Any CPU
		{DA7CF55A-D5DB-4311-9045-C19C93C32F67}.Debug.Kassymov|Any CPU.Build.0 = Debug|Any CPU
		{DA7CF55A-D5DB-4311-9045-C19C93C32F67}.Debug.Yelaman|Any CPU.ActiveCfg = Debug|Any CPU
		{DA7CF55A-D5DB-4311-9045-C19C93C32F67}.Debug.Yelaman|Any CPU.Build.0 = Debug|Any CPU
		{DA7CF55A-D5DB-4311-9045-C19C93C32F67}.Debug|Any CPU.ActiveCfg = Debug|Any CPU
		{DA7CF55A-D5DB-4311-9045-C19C93C32F67}.Debug|Any CPU.Build.0 = Debug|Any CPU
		{DA7CF55A-D5DB-4311-9045-C19C93C32F67}.Release|Any CPU.ActiveCfg = Release|Any CPU
		{DA7CF55A-D5DB-4311-9045-C19C93C32F67}.Release|Any CPU.Build.0 = Release|Any CPU
		{DA7CF55A-D5DB-4311-9045-C19C93C32F67}.Test|Any CPU.ActiveCfg = Debug|Any CPU
		{DA7CF55A-D5DB-4311-9045-C19C93C32F67}.Test|Any CPU.Build.0 = Debug|Any CPU
		{DA7CF55A-D5DB-4311-9045-C19C93C32F67}.War|Any CPU.ActiveCfg = Debug|Any CPU
		{DA7CF55A-D5DB-4311-9045-C19C93C32F67}.War|Any CPU.Build.0 = Debug|Any CPU
		{0C90433B-4BB8-49A2-9919-2291D21E3631}.Debug.Alexandr|Any CPU.ActiveCfg = Debug|Any CPU
		{0C90433B-4BB8-49A2-9919-2291D21E3631}.Debug.Alexandr|Any CPU.Build.0 = Debug|Any CPU
		{0C90433B-4BB8-49A2-9919-2291D21E3631}.Debug.Bob217|Any CPU.ActiveCfg = Debug|Any CPU
		{0C90433B-4BB8-49A2-9919-2291D21E3631}.Debug.Bob217|Any CPU.Build.0 = Debug|Any CPU
		{0C90433B-4BB8-49A2-9919-2291D21E3631}.Debug.Didar|Any CPU.ActiveCfg = Debug|Any CPU
		{0C90433B-4BB8-49A2-9919-2291D21E3631}.Debug.Didar|Any CPU.Build.0 = Debug|Any CPU
		{0C90433B-4BB8-49A2-9919-2291D21E3631}.Debug.Evgeniy|Any CPU.ActiveCfg = Debug|Any CPU
		{0C90433B-4BB8-49A2-9919-2291D21E3631}.Debug.Evgeniy|Any CPU.Build.0 = Debug|Any CPU
		{0C90433B-4BB8-49A2-9919-2291D21E3631}.Debug.Instant977|Any CPU.ActiveCfg = Debug|Any CPU
		{0C90433B-4BB8-49A2-9919-2291D21E3631}.Debug.Instant977|Any CPU.Build.0 = Debug|Any CPU
		{0C90433B-4BB8-49A2-9919-2291D21E3631}.Debug.Kassymov|Any CPU.ActiveCfg = Debug|Any CPU
		{0C90433B-4BB8-49A2-9919-2291D21E3631}.Debug.Kassymov|Any CPU.Build.0 = Debug|Any CPU
		{0C90433B-4BB8-49A2-9919-2291D21E3631}.Debug.Yelaman|Any CPU.ActiveCfg = Debug|Any CPU
		{0C90433B-4BB8-49A2-9919-2291D21E3631}.Debug.Yelaman|Any CPU.Build.0 = Debug|Any CPU
		{0C90433B-4BB8-49A2-9919-2291D21E3631}.Debug|Any CPU.ActiveCfg = Debug|Any CPU
		{0C90433B-4BB8-49A2-9919-2291D21E3631}.Debug|Any CPU.Build.0 = Debug|Any CPU
		{0C90433B-4BB8-49A2-9919-2291D21E3631}.Release|Any CPU.ActiveCfg = Release|Any CPU
		{0C90433B-4BB8-49A2-9919-2291D21E3631}.Release|Any CPU.Build.0 = Release|Any CPU
		{0C90433B-4BB8-49A2-9919-2291D21E3631}.Test|Any CPU.ActiveCfg = Debug|Any CPU
		{0C90433B-4BB8-49A2-9919-2291D21E3631}.Test|Any CPU.Build.0 = Debug|Any CPU
		{0C90433B-4BB8-49A2-9919-2291D21E3631}.War|Any CPU.ActiveCfg = Debug|Any CPU
		{0C90433B-4BB8-49A2-9919-2291D21E3631}.War|Any CPU.Build.0 = Debug|Any CPU
		{3199AFE0-D5AA-435A-B19A-5B2917C6119A}.Debug.Alexandr|Any CPU.ActiveCfg = Debug|Any CPU
		{3199AFE0-D5AA-435A-B19A-5B2917C6119A}.Debug.Alexandr|Any CPU.Build.0 = Debug|Any CPU
		{3199AFE0-D5AA-435A-B19A-5B2917C6119A}.Debug.Bob217|Any CPU.ActiveCfg = Debug|Any CPU
		{3199AFE0-D5AA-435A-B19A-5B2917C6119A}.Debug.Bob217|Any CPU.Build.0 = Debug|Any CPU
		{3199AFE0-D5AA-435A-B19A-5B2917C6119A}.Debug.Didar|Any CPU.ActiveCfg = Debug|Any CPU
		{3199AFE0-D5AA-435A-B19A-5B2917C6119A}.Debug.Didar|Any CPU.Build.0 = Debug|Any CPU
		{3199AFE0-D5AA-435A-B19A-5B2917C6119A}.Debug.Evgeniy|Any CPU.ActiveCfg = Debug|Any CPU
		{3199AFE0-D5AA-435A-B19A-5B2917C6119A}.Debug.Evgeniy|Any CPU.Build.0 = Debug|Any CPU
		{3199AFE0-D5AA-435A-B19A-5B2917C6119A}.Debug.Instant977|Any CPU.ActiveCfg = Debug|Any CPU
		{3199AFE0-D5AA-435A-B19A-5B2917C6119A}.Debug.Instant977|Any CPU.Build.0 = Debug|Any CPU
		{3199AFE0-D5AA-435A-B19A-5B2917C6119A}.Debug.Kassymov|Any CPU.ActiveCfg = Debug|Any CPU
		{3199AFE0-D5AA-435A-B19A-5B2917C6119A}.Debug.Kassymov|Any CPU.Build.0 = Debug|Any CPU
		{3199AFE0-D5AA-435A-B19A-5B2917C6119A}.Debug.Yelaman|Any CPU.ActiveCfg = Debug|Any CPU
		{3199AFE0-D5AA-435A-B19A-5B2917C6119A}.Debug.Yelaman|Any CPU.Build.0 = Debug|Any CPU
		{3199AFE0-D5AA-435A-B19A-5B2917C6119A}.Debug|Any CPU.ActiveCfg = Debug|Any CPU
		{3199AFE0-D5AA-435A-B19A-5B2917C6119A}.Debug|Any CPU.Build.0 = Debug|Any CPU
		{3199AFE0-D5AA-435A-B19A-5B2917C6119A}.Release|Any CPU.ActiveCfg = Release|Any CPU
		{3199AFE0-D5AA-435A-B19A-5B2917C6119A}.Release|Any CPU.Build.0 = Release|Any CPU
		{3199AFE0-D5AA-435A-B19A-5B2917C6119A}.Test|Any CPU.ActiveCfg = Debug|Any CPU
		{3199AFE0-D5AA-435A-B19A-5B2917C6119A}.Test|Any CPU.Build.0 = Debug|Any CPU
		{3199AFE0-D5AA-435A-B19A-5B2917C6119A}.War|Any CPU.ActiveCfg = Debug|Any CPU
		{3199AFE0-D5AA-435A-B19A-5B2917C6119A}.War|Any CPU.Build.0 = Debug|Any CPU
		{85231D77-629D-4CD8-A5BF-5E124DB2B9D0}.Debug.Alexandr|Any CPU.ActiveCfg = Debug|Any CPU
		{85231D77-629D-4CD8-A5BF-5E124DB2B9D0}.Debug.Alexandr|Any CPU.Build.0 = Debug|Any CPU
		{85231D77-629D-4CD8-A5BF-5E124DB2B9D0}.Debug.Bob217|Any CPU.ActiveCfg = Debug|Any CPU
		{85231D77-629D-4CD8-A5BF-5E124DB2B9D0}.Debug.Bob217|Any CPU.Build.0 = Debug|Any CPU
		{85231D77-629D-4CD8-A5BF-5E124DB2B9D0}.Debug.Didar|Any CPU.ActiveCfg = Debug|Any CPU
		{85231D77-629D-4CD8-A5BF-5E124DB2B9D0}.Debug.Didar|Any CPU.Build.0 = Debug|Any CPU
		{85231D77-629D-4CD8-A5BF-5E124DB2B9D0}.Debug.Evgeniy|Any CPU.ActiveCfg = Debug|Any CPU
		{85231D77-629D-4CD8-A5BF-5E124DB2B9D0}.Debug.Evgeniy|Any CPU.Build.0 = Debug|Any CPU
		{85231D77-629D-4CD8-A5BF-5E124DB2B9D0}.Debug.Instant977|Any CPU.ActiveCfg = Debug|Any CPU
		{85231D77-629D-4CD8-A5BF-5E124DB2B9D0}.Debug.Instant977|Any CPU.Build.0 = Debug|Any CPU
		{85231D77-629D-4CD8-A5BF-5E124DB2B9D0}.Debug.Kassymov|Any CPU.ActiveCfg = Debug|Any CPU
		{85231D77-629D-4CD8-A5BF-5E124DB2B9D0}.Debug.Kassymov|Any CPU.Build.0 = Debug|Any CPU
		{85231D77-629D-4CD8-A5BF-5E124DB2B9D0}.Debug.Yelaman|Any CPU.ActiveCfg = Debug|Any CPU
		{85231D77-629D-4CD8-A5BF-5E124DB2B9D0}.Debug.Yelaman|Any CPU.Build.0 = Debug|Any CPU
		{85231D77-629D-4CD8-A5BF-5E124DB2B9D0}.Debug|Any CPU.ActiveCfg = Debug|Any CPU
		{85231D77-629D-4CD8-A5BF-5E124DB2B9D0}.Debug|Any CPU.Build.0 = Debug|Any CPU
		{85231D77-629D-4CD8-A5BF-5E124DB2B9D0}.Release|Any CPU.ActiveCfg = Release|Any CPU
		{85231D77-629D-4CD8-A5BF-5E124DB2B9D0}.Release|Any CPU.Build.0 = Release|Any CPU
		{85231D77-629D-4CD8-A5BF-5E124DB2B9D0}.Test|Any CPU.ActiveCfg = Debug|Any CPU
		{85231D77-629D-4CD8-A5BF-5E124DB2B9D0}.Test|Any CPU.Build.0 = Debug|Any CPU
		{85231D77-629D-4CD8-A5BF-5E124DB2B9D0}.War|Any CPU.ActiveCfg = Debug|Any CPU
		{85231D77-629D-4CD8-A5BF-5E124DB2B9D0}.War|Any CPU.Build.0 = Debug|Any CPU
		{CF3BE27C-D09F-4974-8B02-9DC3BFD51AFF}.Debug.Alexandr|Any CPU.ActiveCfg = Debug|Any CPU
		{CF3BE27C-D09F-4974-8B02-9DC3BFD51AFF}.Debug.Alexandr|Any CPU.Build.0 = Debug|Any CPU
		{CF3BE27C-D09F-4974-8B02-9DC3BFD51AFF}.Debug.Bob217|Any CPU.ActiveCfg = Debug|Any CPU
		{CF3BE27C-D09F-4974-8B02-9DC3BFD51AFF}.Debug.Bob217|Any CPU.Build.0 = Debug|Any CPU
		{CF3BE27C-D09F-4974-8B02-9DC3BFD51AFF}.Debug.Didar|Any CPU.ActiveCfg = Debug|Any CPU
		{CF3BE27C-D09F-4974-8B02-9DC3BFD51AFF}.Debug.Didar|Any CPU.Build.0 = Debug|Any CPU
		{CF3BE27C-D09F-4974-8B02-9DC3BFD51AFF}.Debug.Evgeniy|Any CPU.ActiveCfg = Debug|Any CPU
		{CF3BE27C-D09F-4974-8B02-9DC3BFD51AFF}.Debug.Evgeniy|Any CPU.Build.0 = Debug|Any CPU
		{CF3BE27C-D09F-4974-8B02-9DC3BFD51AFF}.Debug.Instant977|Any CPU.ActiveCfg = Debug|Any CPU
		{CF3BE27C-D09F-4974-8B02-9DC3BFD51AFF}.Debug.Instant977|Any CPU.Build.0 = Debug|Any CPU
		{CF3BE27C-D09F-4974-8B02-9DC3BFD51AFF}.Debug.Kassymov|Any CPU.ActiveCfg = Debug|Any CPU
		{CF3BE27C-D09F-4974-8B02-9DC3BFD51AFF}.Debug.Kassymov|Any CPU.Build.0 = Debug|Any CPU
		{CF3BE27C-D09F-4974-8B02-9DC3BFD51AFF}.Debug.Yelaman|Any CPU.ActiveCfg = Debug|Any CPU
		{CF3BE27C-D09F-4974-8B02-9DC3BFD51AFF}.Debug.Yelaman|Any CPU.Build.0 = Debug|Any CPU
		{CF3BE27C-D09F-4974-8B02-9DC3BFD51AFF}.Debug|Any CPU.ActiveCfg = Debug|Any CPU
		{CF3BE27C-D09F-4974-8B02-9DC3BFD51AFF}.Debug|Any CPU.Build.0 = Debug|Any CPU
		{CF3BE27C-D09F-4974-8B02-9DC3BFD51AFF}.Release|Any CPU.ActiveCfg = Release|Any CPU
		{CF3BE27C-D09F-4974-8B02-9DC3BFD51AFF}.Release|Any CPU.Build.0 = Release|Any CPU
		{CF3BE27C-D09F-4974-8B02-9DC3BFD51AFF}.Test|Any CPU.ActiveCfg = Debug|Any CPU
		{CF3BE27C-D09F-4974-8B02-9DC3BFD51AFF}.Test|Any CPU.Build.0 = Debug|Any CPU
		{CF3BE27C-D09F-4974-8B02-9DC3BFD51AFF}.War|Any CPU.ActiveCfg = Debug|Any CPU
		{CF3BE27C-D09F-4974-8B02-9DC3BFD51AFF}.War|Any CPU.Build.0 = Debug|Any CPU
		{65E3F6B2-3753-4A5A-BF81-B5D27430436D}.Debug.Alexandr|Any CPU.ActiveCfg = Debug|Any CPU
		{65E3F6B2-3753-4A5A-BF81-B5D27430436D}.Debug.Alexandr|Any CPU.Build.0 = Debug|Any CPU
		{65E3F6B2-3753-4A5A-BF81-B5D27430436D}.Debug.Bob217|Any CPU.ActiveCfg = Debug|Any CPU
		{65E3F6B2-3753-4A5A-BF81-B5D27430436D}.Debug.Bob217|Any CPU.Build.0 = Debug|Any CPU
		{65E3F6B2-3753-4A5A-BF81-B5D27430436D}.Debug.Didar|Any CPU.ActiveCfg = Debug|Any CPU
		{65E3F6B2-3753-4A5A-BF81-B5D27430436D}.Debug.Didar|Any CPU.Build.0 = Debug|Any CPU
		{65E3F6B2-3753-4A5A-BF81-B5D27430436D}.Debug.Evgeniy|Any CPU.ActiveCfg = Debug|Any CPU
		{65E3F6B2-3753-4A5A-BF81-B5D27430436D}.Debug.Evgeniy|Any CPU.Build.0 = Debug|Any CPU
		{65E3F6B2-3753-4A5A-BF81-B5D27430436D}.Debug.Instant977|Any CPU.ActiveCfg = Debug|Any CPU
		{65E3F6B2-3753-4A5A-BF81-B5D27430436D}.Debug.Instant977|Any CPU.Build.0 = Debug|Any CPU
		{65E3F6B2-3753-4A5A-BF81-B5D27430436D}.Debug.Kassymov|Any CPU.ActiveCfg = Debug|Any CPU
		{65E3F6B2-3753-4A5A-BF81-B5D27430436D}.Debug.Kassymov|Any CPU.Build.0 = Debug|Any CPU
		{65E3F6B2-3753-4A5A-BF81-B5D27430436D}.Debug.Yelaman|Any CPU.ActiveCfg = Debug|Any CPU
		{65E3F6B2-3753-4A5A-BF81-B5D27430436D}.Debug.Yelaman|Any CPU.Build.0 = Debug|Any CPU
		{65E3F6B2-3753-4A5A-BF81-B5D27430436D}.Debug|Any CPU.ActiveCfg = Debug|Any CPU
		{65E3F6B2-3753-4A5A-BF81-B5D27430436D}.Debug|Any CPU.Build.0 = Debug|Any CPU
		{65E3F6B2-3753-4A5A-BF81-B5D27430436D}.Release|Any CPU.ActiveCfg = Release|Any CPU
		{65E3F6B2-3753-4A5A-BF81-B5D27430436D}.Release|Any CPU.Build.0 = Release|Any CPU
		{65E3F6B2-3753-4A5A-BF81-B5D27430436D}.Test|Any CPU.ActiveCfg = Debug|Any CPU
		{65E3F6B2-3753-4A5A-BF81-B5D27430436D}.Test|Any CPU.Build.0 = Debug|Any CPU
		{65E3F6B2-3753-4A5A-BF81-B5D27430436D}.War|Any CPU.ActiveCfg = Debug|Any CPU
		{65E3F6B2-3753-4A5A-BF81-B5D27430436D}.War|Any CPU.Build.0 = Debug|Any CPU
		{DACF2E58-80F1-49A7-9466-6CACE63278A0}.Debug.Alexandr|Any CPU.ActiveCfg = Debug|Any CPU
		{DACF2E58-80F1-49A7-9466-6CACE63278A0}.Debug.Alexandr|Any CPU.Build.0 = Debug|Any CPU
		{DACF2E58-80F1-49A7-9466-6CACE63278A0}.Debug.Bob217|Any CPU.ActiveCfg = Debug|Any CPU
		{DACF2E58-80F1-49A7-9466-6CACE63278A0}.Debug.Bob217|Any CPU.Build.0 = Debug|Any CPU
		{DACF2E58-80F1-49A7-9466-6CACE63278A0}.Debug.Didar|Any CPU.ActiveCfg = Debug|Any CPU
		{DACF2E58-80F1-49A7-9466-6CACE63278A0}.Debug.Didar|Any CPU.Build.0 = Debug|Any CPU
		{DACF2E58-80F1-49A7-9466-6CACE63278A0}.Debug.Evgeniy|Any CPU.ActiveCfg = Debug|Any CPU
		{DACF2E58-80F1-49A7-9466-6CACE63278A0}.Debug.Evgeniy|Any CPU.Build.0 = Debug|Any CPU
		{DACF2E58-80F1-49A7-9466-6CACE63278A0}.Debug.Instant977|Any CPU.ActiveCfg = Debug|Any CPU
		{DACF2E58-80F1-49A7-9466-6CACE63278A0}.Debug.Instant977|Any CPU.Build.0 = Debug|Any CPU
		{DACF2E58-80F1-49A7-9466-6CACE63278A0}.Debug.Kassymov|Any CPU.ActiveCfg = Debug|Any CPU
		{DACF2E58-80F1-49A7-9466-6CACE63278A0}.Debug.Kassymov|Any CPU.Build.0 = Debug|Any CPU
		{DACF2E58-80F1-49A7-9466-6CACE63278A0}.Debug.Yelaman|Any CPU.ActiveCfg = Debug|Any CPU
		{DACF2E58-80F1-49A7-9466-6CACE63278A0}.Debug.Yelaman|Any CPU.Build.0 = Debug|Any CPU
		{DACF2E58-80F1-49A7-9466-6CACE63278A0}.Debug|Any CPU.ActiveCfg = Debug|Any CPU
		{DACF2E58-80F1-49A7-9466-6CACE63278A0}.Debug|Any CPU.Build.0 = Debug|Any CPU
		{DACF2E58-80F1-49A7-9466-6CACE63278A0}.Release|Any CPU.ActiveCfg = Release|Any CPU
		{DACF2E58-80F1-49A7-9466-6CACE63278A0}.Release|Any CPU.Build.0 = Release|Any CPU
		{DACF2E58-80F1-49A7-9466-6CACE63278A0}.Test|Any CPU.ActiveCfg = Debug|Any CPU
		{DACF2E58-80F1-49A7-9466-6CACE63278A0}.Test|Any CPU.Build.0 = Debug|Any CPU
		{DACF2E58-80F1-49A7-9466-6CACE63278A0}.War|Any CPU.ActiveCfg = Debug|Any CPU
		{DACF2E58-80F1-49A7-9466-6CACE63278A0}.War|Any CPU.Build.0 = Debug|Any CPU
		{33743F22-7B8A-4C85-97B7-CAB4CE897090}.Debug.Alexandr|Any CPU.ActiveCfg = Debug|Any CPU
		{33743F22-7B8A-4C85-97B7-CAB4CE897090}.Debug.Alexandr|Any CPU.Build.0 = Debug|Any CPU
		{33743F22-7B8A-4C85-97B7-CAB4CE897090}.Debug.Bob217|Any CPU.ActiveCfg = Debug|Any CPU
		{33743F22-7B8A-4C85-97B7-CAB4CE897090}.Debug.Bob217|Any CPU.Build.0 = Debug|Any CPU
		{33743F22-7B8A-4C85-97B7-CAB4CE897090}.Debug.Didar|Any CPU.ActiveCfg = Debug|Any CPU
		{33743F22-7B8A-4C85-97B7-CAB4CE897090}.Debug.Didar|Any CPU.Build.0 = Debug|Any CPU
		{33743F22-7B8A-4C85-97B7-CAB4CE897090}.Debug.Evgeniy|Any CPU.ActiveCfg = Debug|Any CPU
		{33743F22-7B8A-4C85-97B7-CAB4CE897090}.Debug.Evgeniy|Any CPU.Build.0 = Debug|Any CPU
		{33743F22-7B8A-4C85-97B7-CAB4CE897090}.Debug.Instant977|Any CPU.ActiveCfg = Debug|Any CPU
		{33743F22-7B8A-4C85-97B7-CAB4CE897090}.Debug.Instant977|Any CPU.Build.0 = Debug|Any CPU
		{33743F22-7B8A-4C85-97B7-CAB4CE897090}.Debug.Kassymov|Any CPU.ActiveCfg = Debug|Any CPU
		{33743F22-7B8A-4C85-97B7-CAB4CE897090}.Debug.Kassymov|Any CPU.Build.0 = Debug|Any CPU
		{33743F22-7B8A-4C85-97B7-CAB4CE897090}.Debug.Yelaman|Any CPU.ActiveCfg = Debug|Any CPU
		{33743F22-7B8A-4C85-97B7-CAB4CE897090}.Debug.Yelaman|Any CPU.Build.0 = Debug|Any CPU
		{33743F22-7B8A-4C85-97B7-CAB4CE897090}.Debug|Any CPU.ActiveCfg = Debug|Any CPU
		{33743F22-7B8A-4C85-97B7-CAB4CE897090}.Debug|Any CPU.Build.0 = Debug|Any CPU
		{33743F22-7B8A-4C85-97B7-CAB4CE897090}.Release|Any CPU.ActiveCfg = Release|Any CPU
		{33743F22-7B8A-4C85-97B7-CAB4CE897090}.Release|Any CPU.Build.0 = Release|Any CPU
		{33743F22-7B8A-4C85-97B7-CAB4CE897090}.Test|Any CPU.ActiveCfg = Debug|Any CPU
		{33743F22-7B8A-4C85-97B7-CAB4CE897090}.Test|Any CPU.Build.0 = Debug|Any CPU
		{33743F22-7B8A-4C85-97B7-CAB4CE897090}.War|Any CPU.ActiveCfg = Debug|Any CPU
		{33743F22-7B8A-4C85-97B7-CAB4CE897090}.War|Any CPU.Build.0 = Debug|Any CPU
		{906D2099-3063-43C8-ADDD-969BF7643CB8}.Debug.Alexandr|Any CPU.ActiveCfg = Debug|Any CPU
		{906D2099-3063-43C8-ADDD-969BF7643CB8}.Debug.Alexandr|Any CPU.Build.0 = Debug|Any CPU
		{906D2099-3063-43C8-ADDD-969BF7643CB8}.Debug.Bob217|Any CPU.ActiveCfg = Debug|Any CPU
		{906D2099-3063-43C8-ADDD-969BF7643CB8}.Debug.Bob217|Any CPU.Build.0 = Debug|Any CPU
		{906D2099-3063-43C8-ADDD-969BF7643CB8}.Debug.Didar|Any CPU.ActiveCfg = Debug|Any CPU
		{906D2099-3063-43C8-ADDD-969BF7643CB8}.Debug.Didar|Any CPU.Build.0 = Debug|Any CPU
		{906D2099-3063-43C8-ADDD-969BF7643CB8}.Debug.Evgeniy|Any CPU.ActiveCfg = Debug|Any CPU
		{906D2099-3063-43C8-ADDD-969BF7643CB8}.Debug.Evgeniy|Any CPU.Build.0 = Debug|Any CPU
		{906D2099-3063-43C8-ADDD-969BF7643CB8}.Debug.Instant977|Any CPU.ActiveCfg = Debug|Any CPU
		{906D2099-3063-43C8-ADDD-969BF7643CB8}.Debug.Instant977|Any CPU.Build.0 = Debug|Any CPU
		{906D2099-3063-43C8-ADDD-969BF7643CB8}.Debug.Kassymov|Any CPU.ActiveCfg = Debug|Any CPU
		{906D2099-3063-43C8-ADDD-969BF7643CB8}.Debug.Kassymov|Any CPU.Build.0 = Debug|Any CPU
		{906D2099-3063-43C8-ADDD-969BF7643CB8}.Debug.Yelaman|Any CPU.ActiveCfg = Debug|Any CPU
		{906D2099-3063-43C8-ADDD-969BF7643CB8}.Debug.Yelaman|Any CPU.Build.0 = Debug|Any CPU
		{906D2099-3063-43C8-ADDD-969BF7643CB8}.Debug|Any CPU.ActiveCfg = Debug|Any CPU
		{906D2099-3063-43C8-ADDD-969BF7643CB8}.Debug|Any CPU.Build.0 = Debug|Any CPU
		{906D2099-3063-43C8-ADDD-969BF7643CB8}.Release|Any CPU.ActiveCfg = Release|Any CPU
		{906D2099-3063-43C8-ADDD-969BF7643CB8}.Release|Any CPU.Build.0 = Release|Any CPU
		{906D2099-3063-43C8-ADDD-969BF7643CB8}.Test|Any CPU.ActiveCfg = Debug|Any CPU
		{906D2099-3063-43C8-ADDD-969BF7643CB8}.Test|Any CPU.Build.0 = Debug|Any CPU
		{906D2099-3063-43C8-ADDD-969BF7643CB8}.War|Any CPU.ActiveCfg = Debug|Any CPU
		{906D2099-3063-43C8-ADDD-969BF7643CB8}.War|Any CPU.Build.0 = Debug|Any CPU
		{7B2279AA-6E36-42CB-8A1D-46211F2D11A6}.Debug.Alexandr|Any CPU.ActiveCfg = Debug|Any CPU
		{7B2279AA-6E36-42CB-8A1D-46211F2D11A6}.Debug.Alexandr|Any CPU.Build.0 = Debug|Any CPU
		{7B2279AA-6E36-42CB-8A1D-46211F2D11A6}.Debug.Bob217|Any CPU.ActiveCfg = Debug|Any CPU
		{7B2279AA-6E36-42CB-8A1D-46211F2D11A6}.Debug.Bob217|Any CPU.Build.0 = Debug|Any CPU
		{7B2279AA-6E36-42CB-8A1D-46211F2D11A6}.Debug.Didar|Any CPU.ActiveCfg = Debug|Any CPU
		{7B2279AA-6E36-42CB-8A1D-46211F2D11A6}.Debug.Didar|Any CPU.Build.0 = Debug|Any CPU
		{7B2279AA-6E36-42CB-8A1D-46211F2D11A6}.Debug.Evgeniy|Any CPU.ActiveCfg = Debug|Any CPU
		{7B2279AA-6E36-42CB-8A1D-46211F2D11A6}.Debug.Evgeniy|Any CPU.Build.0 = Debug|Any CPU
		{7B2279AA-6E36-42CB-8A1D-46211F2D11A6}.Debug.Instant977|Any CPU.ActiveCfg = Debug|Any CPU
		{7B2279AA-6E36-42CB-8A1D-46211F2D11A6}.Debug.Instant977|Any CPU.Build.0 = Debug|Any CPU
		{7B2279AA-6E36-42CB-8A1D-46211F2D11A6}.Debug.Kassymov|Any CPU.ActiveCfg = Debug|Any CPU
		{7B2279AA-6E36-42CB-8A1D-46211F2D11A6}.Debug.Kassymov|Any CPU.Build.0 = Debug|Any CPU
		{7B2279AA-6E36-42CB-8A1D-46211F2D11A6}.Debug.Yelaman|Any CPU.ActiveCfg = Debug|Any CPU
		{7B2279AA-6E36-42CB-8A1D-46211F2D11A6}.Debug.Yelaman|Any CPU.Build.0 = Debug|Any CPU
		{7B2279AA-6E36-42CB-8A1D-46211F2D11A6}.Debug|Any CPU.ActiveCfg = Debug|Any CPU
		{7B2279AA-6E36-42CB-8A1D-46211F2D11A6}.Debug|Any CPU.Build.0 = Debug|Any CPU
		{7B2279AA-6E36-42CB-8A1D-46211F2D11A6}.Release|Any CPU.ActiveCfg = Release|Any CPU
		{7B2279AA-6E36-42CB-8A1D-46211F2D11A6}.Release|Any CPU.Build.0 = Release|Any CPU
		{7B2279AA-6E36-42CB-8A1D-46211F2D11A6}.Test|Any CPU.ActiveCfg = Debug|Any CPU
		{7B2279AA-6E36-42CB-8A1D-46211F2D11A6}.Test|Any CPU.Build.0 = Debug|Any CPU
		{7B2279AA-6E36-42CB-8A1D-46211F2D11A6}.War|Any CPU.ActiveCfg = Debug|Any CPU
		{7B2279AA-6E36-42CB-8A1D-46211F2D11A6}.War|Any CPU.Build.0 = Debug|Any CPU
		{E649D558-14D0-4980-BA62-952E3CF81BBF}.Debug.Alexandr|Any CPU.ActiveCfg = Debug|Any CPU
		{E649D558-14D0-4980-BA62-952E3CF81BBF}.Debug.Alexandr|Any CPU.Build.0 = Debug|Any CPU
		{E649D558-14D0-4980-BA62-952E3CF81BBF}.Debug.Bob217|Any CPU.ActiveCfg = Debug|Any CPU
		{E649D558-14D0-4980-BA62-952E3CF81BBF}.Debug.Bob217|Any CPU.Build.0 = Debug|Any CPU
		{E649D558-14D0-4980-BA62-952E3CF81BBF}.Debug.Didar|Any CPU.ActiveCfg = Debug|Any CPU
		{E649D558-14D0-4980-BA62-952E3CF81BBF}.Debug.Didar|Any CPU.Build.0 = Debug|Any CPU
		{E649D558-14D0-4980-BA62-952E3CF81BBF}.Debug.Evgeniy|Any CPU.ActiveCfg = Debug|Any CPU
		{E649D558-14D0-4980-BA62-952E3CF81BBF}.Debug.Evgeniy|Any CPU.Build.0 = Debug|Any CPU
		{E649D558-14D0-4980-BA62-952E3CF81BBF}.Debug.Instant977|Any CPU.ActiveCfg = Debug|Any CPU
		{E649D558-14D0-4980-BA62-952E3CF81BBF}.Debug.Instant977|Any CPU.Build.0 = Debug|Any CPU
		{E649D558-14D0-4980-BA62-952E3CF81BBF}.Debug.Kassymov|Any CPU.ActiveCfg = Debug|Any CPU
		{E649D558-14D0-4980-BA62-952E3CF81BBF}.Debug.Kassymov|Any CPU.Build.0 = Debug|Any CPU
		{E649D558-14D0-4980-BA62-952E3CF81BBF}.Debug.Yelaman|Any CPU.ActiveCfg = Debug|Any CPU
		{E649D558-14D0-4980-BA62-952E3CF81BBF}.Debug.Yelaman|Any CPU.Build.0 = Debug|Any CPU
		{E649D558-14D0-4980-BA62-952E3CF81BBF}.Debug|Any CPU.ActiveCfg = Debug|Any CPU
		{E649D558-14D0-4980-BA62-952E3CF81BBF}.Debug|Any CPU.Build.0 = Debug|Any CPU
		{E649D558-14D0-4980-BA62-952E3CF81BBF}.Release|Any CPU.ActiveCfg = Release|Any CPU
		{E649D558-14D0-4980-BA62-952E3CF81BBF}.Release|Any CPU.Build.0 = Release|Any CPU
		{E649D558-14D0-4980-BA62-952E3CF81BBF}.Test|Any CPU.ActiveCfg = Debug|Any CPU
		{E649D558-14D0-4980-BA62-952E3CF81BBF}.Test|Any CPU.Build.0 = Debug|Any CPU
		{E649D558-14D0-4980-BA62-952E3CF81BBF}.War|Any CPU.ActiveCfg = Debug|Any CPU
		{E649D558-14D0-4980-BA62-952E3CF81BBF}.War|Any CPU.Build.0 = Debug|Any CPU
		{12E7E054-5500-4ADF-8F28-BE9290648A8B}.Debug.Alexandr|Any CPU.ActiveCfg = Debug|Any CPU
		{12E7E054-5500-4ADF-8F28-BE9290648A8B}.Debug.Alexandr|Any CPU.Build.0 = Debug|Any CPU
		{12E7E054-5500-4ADF-8F28-BE9290648A8B}.Debug.Bob217|Any CPU.ActiveCfg = Debug|Any CPU
		{12E7E054-5500-4ADF-8F28-BE9290648A8B}.Debug.Bob217|Any CPU.Build.0 = Debug|Any CPU
		{12E7E054-5500-4ADF-8F28-BE9290648A8B}.Debug.Didar|Any CPU.ActiveCfg = Debug|Any CPU
		{12E7E054-5500-4ADF-8F28-BE9290648A8B}.Debug.Didar|Any CPU.Build.0 = Debug|Any CPU
		{12E7E054-5500-4ADF-8F28-BE9290648A8B}.Debug.Evgeniy|Any CPU.ActiveCfg = Debug|Any CPU
		{12E7E054-5500-4ADF-8F28-BE9290648A8B}.Debug.Evgeniy|Any CPU.Build.0 = Debug|Any CPU
		{12E7E054-5500-4ADF-8F28-BE9290648A8B}.Debug.Instant977|Any CPU.ActiveCfg = Debug|Any CPU
		{12E7E054-5500-4ADF-8F28-BE9290648A8B}.Debug.Instant977|Any CPU.Build.0 = Debug|Any CPU
		{12E7E054-5500-4ADF-8F28-BE9290648A8B}.Debug.Kassymov|Any CPU.ActiveCfg = Debug|Any CPU
		{12E7E054-5500-4ADF-8F28-BE9290648A8B}.Debug.Kassymov|Any CPU.Build.0 = Debug|Any CPU
		{12E7E054-5500-4ADF-8F28-BE9290648A8B}.Debug.Yelaman|Any CPU.ActiveCfg = Debug|Any CPU
		{12E7E054-5500-4ADF-8F28-BE9290648A8B}.Debug.Yelaman|Any CPU.Build.0 = Debug|Any CPU
		{12E7E054-5500-4ADF-8F28-BE9290648A8B}.Debug|Any CPU.ActiveCfg = Debug|Any CPU
		{12E7E054-5500-4ADF-8F28-BE9290648A8B}.Debug|Any CPU.Build.0 = Debug|Any CPU
		{12E7E054-5500-4ADF-8F28-BE9290648A8B}.Release|Any CPU.ActiveCfg = Release|Any CPU
		{12E7E054-5500-4ADF-8F28-BE9290648A8B}.Release|Any CPU.Build.0 = Release|Any CPU
		{12E7E054-5500-4ADF-8F28-BE9290648A8B}.Test|Any CPU.ActiveCfg = Debug|Any CPU
		{12E7E054-5500-4ADF-8F28-BE9290648A8B}.Test|Any CPU.Build.0 = Debug|Any CPU
		{12E7E054-5500-4ADF-8F28-BE9290648A8B}.War|Any CPU.ActiveCfg = Debug|Any CPU
		{12E7E054-5500-4ADF-8F28-BE9290648A8B}.War|Any CPU.Build.0 = Debug|Any CPU
		{0CBD0B12-40E3-4926-B3B4-BB44E8B66345}.Debug.Alexandr|Any CPU.ActiveCfg = Debug|Any CPU
		{0CBD0B12-40E3-4926-B3B4-BB44E8B66345}.Debug.Alexandr|Any CPU.Build.0 = Debug|Any CPU
		{0CBD0B12-40E3-4926-B3B4-BB44E8B66345}.Debug.Bob217|Any CPU.ActiveCfg = Debug|Any CPU
		{0CBD0B12-40E3-4926-B3B4-BB44E8B66345}.Debug.Bob217|Any CPU.Build.0 = Debug|Any CPU
		{0CBD0B12-40E3-4926-B3B4-BB44E8B66345}.Debug.Didar|Any CPU.ActiveCfg = Debug|Any CPU
		{0CBD0B12-40E3-4926-B3B4-BB44E8B66345}.Debug.Didar|Any CPU.Build.0 = Debug|Any CPU
		{0CBD0B12-40E3-4926-B3B4-BB44E8B66345}.Debug.Evgeniy|Any CPU.ActiveCfg = Debug|Any CPU
		{0CBD0B12-40E3-4926-B3B4-BB44E8B66345}.Debug.Evgeniy|Any CPU.Build.0 = Debug|Any CPU
		{0CBD0B12-40E3-4926-B3B4-BB44E8B66345}.Debug.Instant977|Any CPU.ActiveCfg = Debug|Any CPU
		{0CBD0B12-40E3-4926-B3B4-BB44E8B66345}.Debug.Instant977|Any CPU.Build.0 = Debug|Any CPU
		{0CBD0B12-40E3-4926-B3B4-BB44E8B66345}.Debug.Kassymov|Any CPU.ActiveCfg = Debug|Any CPU
		{0CBD0B12-40E3-4926-B3B4-BB44E8B66345}.Debug.Kassymov|Any CPU.Build.0 = Debug|Any CPU
		{0CBD0B12-40E3-4926-B3B4-BB44E8B66345}.Debug.Yelaman|Any CPU.ActiveCfg = Debug|Any CPU
		{0CBD0B12-40E3-4926-B3B4-BB44E8B66345}.Debug.Yelaman|Any CPU.Build.0 = Debug|Any CPU
		{0CBD0B12-40E3-4926-B3B4-BB44E8B66345}.Debug|Any CPU.ActiveCfg = Debug|Any CPU
		{0CBD0B12-40E3-4926-B3B4-BB44E8B66345}.Debug|Any CPU.Build.0 = Debug|Any CPU
		{0CBD0B12-40E3-4926-B3B4-BB44E8B66345}.Release|Any CPU.ActiveCfg = Release|Any CPU
		{0CBD0B12-40E3-4926-B3B4-BB44E8B66345}.Release|Any CPU.Build.0 = Release|Any CPU
		{0CBD0B12-40E3-4926-B3B4-BB44E8B66345}.Test|Any CPU.ActiveCfg = Debug|Any CPU
		{0CBD0B12-40E3-4926-B3B4-BB44E8B66345}.Test|Any CPU.Build.0 = Debug|Any CPU
		{0CBD0B12-40E3-4926-B3B4-BB44E8B66345}.War|Any CPU.ActiveCfg = Debug|Any CPU
		{0CBD0B12-40E3-4926-B3B4-BB44E8B66345}.War|Any CPU.Build.0 = Debug|Any CPU
	EndGlobalSection
	GlobalSection(SolutionProperties) = preSolution
		HideSolutionNode = FALSE
	EndGlobalSection
	GlobalSection(NestedProjects) = preSolution
		{657C21C8-DFA8-4282-8B18-99094AE62D8B} = {FB5BE010-45E8-4311-89D0-D44D519C2ED0}
		{A460A8B3-5BA2-4E4F-9A3F-C267D212A9A4} = {FB5BE010-45E8-4311-89D0-D44D519C2ED0}
		{24B12B34-0829-48EB-BA18-4E1C0831DA97} = {FB5BE010-45E8-4311-89D0-D44D519C2ED0}
		{1B917F92-9EF0-4843-B5BA-E69DAD33C465} = {1B598BA6-2EA5-4851-B9D0-119C7DDC3A8E}
		{70AF6B56-EA05-4B62-AFAA-61864A109417} = {1B598BA6-2EA5-4851-B9D0-119C7DDC3A8E}
		{DA7CF55A-D5DB-4311-9045-C19C93C32F67} = {1B917F92-9EF0-4843-B5BA-E69DAD33C465}
		{0C90433B-4BB8-49A2-9919-2291D21E3631} = {1B917F92-9EF0-4843-B5BA-E69DAD33C465}
		{BE1AA343-5F5A-447B-9BA4-C4B04748219D} = {1B598BA6-2EA5-4851-B9D0-119C7DDC3A8E}
		{3199AFE0-D5AA-435A-B19A-5B2917C6119A} = {BE1AA343-5F5A-447B-9BA4-C4B04748219D}
		{85231D77-629D-4CD8-A5BF-5E124DB2B9D0} = {BE1AA343-5F5A-447B-9BA4-C4B04748219D}
		{CF3BE27C-D09F-4974-8B02-9DC3BFD51AFF} = {BE1AA343-5F5A-447B-9BA4-C4B04748219D}
		{FB5BE010-45E8-4311-89D0-D44D519C2ED0} = {1B598BA6-2EA5-4851-B9D0-119C7DDC3A8E}
		{65E3F6B2-3753-4A5A-BF81-B5D27430436D} = {1B598BA6-2EA5-4851-B9D0-119C7DDC3A8E}
		{DACF2E58-80F1-49A7-9466-6CACE63278A0} = {4B562904-85A0-4220-8A16-6535FCC0B12F}
		{33743F22-7B8A-4C85-97B7-CAB4CE897090} = {4B562904-85A0-4220-8A16-6535FCC0B12F}
		{4B562904-85A0-4220-8A16-6535FCC0B12F} = {1B598BA6-2EA5-4851-B9D0-119C7DDC3A8E}
		{906D2099-3063-43C8-ADDD-969BF7643CB8} = {4B562904-85A0-4220-8A16-6535FCC0B12F}
		{7B2279AA-6E36-42CB-8A1D-46211F2D11A6} = {4B562904-85A0-4220-8A16-6535FCC0B12F}
		{E649D558-14D0-4980-BA62-952E3CF81BBF} = {1B598BA6-2EA5-4851-B9D0-119C7DDC3A8E}
		{12E7E054-5500-4ADF-8F28-BE9290648A8B} = {BE1AA343-5F5A-447B-9BA4-C4B04748219D}
		{0CBD0B12-40E3-4926-B3B4-BB44E8B66345} = {1B598BA6-2EA5-4851-B9D0-119C7DDC3A8E}
	EndGlobalSection
	GlobalSection(ExtensibilityGlobals) = postSolution
		SolutionGuid = {AB4BBBAB-9374-416F-A732-3C1845491476}
	EndGlobalSection
EndGlobal
